// !$*UTF8*$!
{
	archiveVersion = 1;
	classes = {
	};
	objectVersion = 46;
	objects = {

/* Begin PBXBuildFile section */
		992A164621273D294380FAB1 /* libPods-XYLottery.a in Frameworks */ = {isa = PBXBuildFile; fileRef = DCD3876869CB53F7AF22A151 /* libPods-XYLottery.a */; };
		B405D4421F3B005E005E2482 /* XYScrollHeaderView.m in Sources */ = {isa = PBXBuildFile; fileRef = B405D4411F3B005E005E2482 /* XYScrollHeaderView.m */; };
		B4207EEF1F30260300829C69 /* tabbar_curSurvey.png in Resources */ = {isa = PBXBuildFile; fileRef = B4207ED11F30260300829C69 /* tabbar_curSurvey.png */; };
		B4207EF01F30260300829C69 /* tabbar_curSurvey@2x.png in Resources */ = {isa = PBXBuildFile; fileRef = B4207ED21F30260300829C69 /* tabbar_curSurvey@2x.png */; };
		B4207EF11F30260300829C69 /* tabbar_curSurvey@3x.png in Resources */ = {isa = PBXBuildFile; fileRef = B4207ED31F30260300829C69 /* tabbar_curSurvey@3x.png */; };
		B4207EF21F30260300829C69 /* tabbar_curSurvey_sel.png in Resources */ = {isa = PBXBuildFile; fileRef = B4207ED41F30260300829C69 /* tabbar_curSurvey_sel.png */; };
		B4207EF31F30260300829C69 /* tabbar_curSurvey_sel@2x.png in Resources */ = {isa = PBXBuildFile; fileRef = B4207ED51F30260300829C69 /* tabbar_curSurvey_sel@2x.png */; };
		B4207EF41F30260300829C69 /* tabbar_curSurvey_sel@3x.png in Resources */ = {isa = PBXBuildFile; fileRef = B4207ED61F30260300829C69 /* tabbar_curSurvey_sel@3x.png */; };
		B4207EF51F30260300829C69 /* tabbar_lucky.png in Resources */ = {isa = PBXBuildFile; fileRef = B4207ED71F30260300829C69 /* tabbar_lucky.png */; };
		B4207EF61F30260300829C69 /* tabbar_lucky@2x.png in Resources */ = {isa = PBXBuildFile; fileRef = B4207ED81F30260300829C69 /* tabbar_lucky@2x.png */; };
		B4207EF71F30260300829C69 /* tabbar_lucky@3x.png in Resources */ = {isa = PBXBuildFile; fileRef = B4207ED91F30260300829C69 /* tabbar_lucky@3x.png */; };
		B4207EF81F30260300829C69 /* tabbar_lucky_sel.png in Resources */ = {isa = PBXBuildFile; fileRef = B4207EDA1F30260300829C69 /* tabbar_lucky_sel.png */; };
		B4207EF91F30260300829C69 /* tabbar_lucky_sel@2x.png in Resources */ = {isa = PBXBuildFile; fileRef = B4207EDB1F30260300829C69 /* tabbar_lucky_sel@2x.png */; };
		B4207EFA1F30260300829C69 /* tabbar_lucky_sel@3x.png in Resources */ = {isa = PBXBuildFile; fileRef = B4207EDC1F30260300829C69 /* tabbar_lucky_sel@3x.png */; };
		B4207EFB1F30260300829C69 /* tabbar_news.png in Resources */ = {isa = PBXBuildFile; fileRef = B4207EDD1F30260300829C69 /* tabbar_news.png */; };
		B4207EFC1F30260300829C69 /* tabbar_news@2x.png in Resources */ = {isa = PBXBuildFile; fileRef = B4207EDE1F30260300829C69 /* tabbar_news@2x.png */; };
		B4207EFD1F30260300829C69 /* tabbar_news@3x.png in Resources */ = {isa = PBXBuildFile; fileRef = B4207EDF1F30260300829C69 /* tabbar_news@3x.png */; };
		B4207EFE1F30260300829C69 /* tabbar_news_sel.png in Resources */ = {isa = PBXBuildFile; fileRef = B4207EE01F30260300829C69 /* tabbar_news_sel.png */; };
		B4207EFF1F30260300829C69 /* tabbar_news_sel@2x.png in Resources */ = {isa = PBXBuildFile; fileRef = B4207EE11F30260300829C69 /* tabbar_news_sel@2x.png */; };
		B4207F001F30260300829C69 /* tabbar_news_sel@3x.png in Resources */ = {isa = PBXBuildFile; fileRef = B4207EE21F30260300829C69 /* tabbar_news_sel@3x.png */; };
		B4207F011F30260300829C69 /* tabbar_preSurvey.png in Resources */ = {isa = PBXBuildFile; fileRef = B4207EE31F30260300829C69 /* tabbar_preSurvey.png */; };
		B4207F021F30260300829C69 /* tabbar_preSurvey@2x.png in Resources */ = {isa = PBXBuildFile; fileRef = B4207EE41F30260300829C69 /* tabbar_preSurvey@2x.png */; };
		B4207F031F30260300829C69 /* tabbar_preSurvey@3x.png in Resources */ = {isa = PBXBuildFile; fileRef = B4207EE51F30260300829C69 /* tabbar_preSurvey@3x.png */; };
		B4207F041F30260300829C69 /* tabbar_preSurvey_sel.png in Resources */ = {isa = PBXBuildFile; fileRef = B4207EE61F30260300829C69 /* tabbar_preSurvey_sel.png */; };
		B4207F051F30260300829C69 /* tabbar_preSurvey_sel@2x.png in Resources */ = {isa = PBXBuildFile; fileRef = B4207EE71F30260300829C69 /* tabbar_preSurvey_sel@2x.png */; };
		B4207F061F30260300829C69 /* tabbar_preSurvey_sel@3x.png in Resources */ = {isa = PBXBuildFile; fileRef = B4207EE81F30260300829C69 /* tabbar_preSurvey_sel@3x.png */; };
		B4207F071F30260300829C69 /* tabbar_profile.png in Resources */ = {isa = PBXBuildFile; fileRef = B4207EE91F30260300829C69 /* tabbar_profile.png */; };
		B4207F081F30260300829C69 /* tabbar_profile@2x.png in Resources */ = {isa = PBXBuildFile; fileRef = B4207EEA1F30260300829C69 /* tabbar_profile@2x.png */; };
		B4207F091F30260300829C69 /* tabbar_profile@3x.png in Resources */ = {isa = PBXBuildFile; fileRef = B4207EEB1F30260300829C69 /* tabbar_profile@3x.png */; };
		B4207F0A1F30260300829C69 /* tabbar_profile_sel.png in Resources */ = {isa = PBXBuildFile; fileRef = B4207EEC1F30260300829C69 /* tabbar_profile_sel.png */; };
		B4207F0B1F30260300829C69 /* tabbar_profile_sel@2x.png in Resources */ = {isa = PBXBuildFile; fileRef = B4207EED1F30260300829C69 /* tabbar_profile_sel@2x.png */; };
		B4207F0C1F30260300829C69 /* tabbar_profile_sel@3x.png in Resources */ = {isa = PBXBuildFile; fileRef = B4207EEE1F30260300829C69 /* tabbar_profile_sel@3x.png */; };
		B4207F131F30300500829C69 /* BaseViewController.m in Sources */ = {isa = PBXBuildFile; fileRef = B4207F121F30300500829C69 /* BaseViewController.m */; };
		B4207F161F304E6000829C69 /* XYTitleButton.m in Sources */ = {isa = PBXBuildFile; fileRef = B4207F151F304E6000829C69 /* XYTitleButton.m */; };
		B4207F271F3067E100829C69 /* UIImage+XY.m in Sources */ = {isa = PBXBuildFile; fileRef = B4207F261F3067E100829C69 /* UIImage+XY.m */; };
		B4207F2C1F30731900829C69 /* navigationbar_arrow_down.png in Resources */ = {isa = PBXBuildFile; fileRef = B4207F2A1F30731900829C69 /* navigationbar_arrow_down.png */; };
		B4207F2D1F30731900829C69 /* navigationbar_arrow_up.png in Resources */ = {isa = PBXBuildFile; fileRef = B4207F2B1F30731900829C69 /* navigationbar_arrow_up.png */; };
		B4207F311F307EF200829C69 /* grrow_down.png in Resources */ = {isa = PBXBuildFile; fileRef = B4207F2E1F307EF200829C69 /* grrow_down.png */; };
		B4207F321F307EF200829C69 /* grrow_down@2x.png in Resources */ = {isa = PBXBuildFile; fileRef = B4207F2F1F307EF200829C69 /* grrow_down@2x.png */; };
		B4207F331F307EF200829C69 /* grrow_down@3x.png in Resources */ = {isa = PBXBuildFile; fileRef = B4207F301F307EF200829C69 /* grrow_down@3x.png */; };
		B4207F351F30817D00829C69 /* titleBtnBg.png in Resources */ = {isa = PBXBuildFile; fileRef = B4207F341F30817D00829C69 /* titleBtnBg.png */; };
		B4207F391F31630700829C69 /* XYPopoverViewController.m in Sources */ = {isa = PBXBuildFile; fileRef = B4207F381F31630700829C69 /* XYPopoverViewController.m */; };
		B4207F3C1F31638900829C69 /* XYPopoverAnimator.m in Sources */ = {isa = PBXBuildFile; fileRef = B4207F3B1F31638900829C69 /* XYPopoverAnimator.m */; };
		B4207F3F1F316AF900829C69 /* XYPresentationController.m in Sources */ = {isa = PBXBuildFile; fileRef = B4207F3E1F316AF900829C69 /* XYPresentationController.m */; };
		B4207F421F31B74B00829C69 /* XYPreSurveyTopView.m in Sources */ = {isa = PBXBuildFile; fileRef = B4207F411F31B74B00829C69 /* XYPreSurveyTopView.m */; };
		B4207F441F31B7AC00829C69 /* XYPreSurveyTopView.xib in Resources */ = {isa = PBXBuildFile; fileRef = B4207F431F31B7AC00829C69 /* XYPreSurveyTopView.xib */; };
		B4207F471F31BC2B00829C69 /* XYPreSurveyModel.m in Sources */ = {isa = PBXBuildFile; fileRef = B4207F461F31BC2B00829C69 /* XYPreSurveyModel.m */; };
		B4207F491F31C84500829C69 /* kj_issue.png in Resources */ = {isa = PBXBuildFile; fileRef = B4207F481F31C84500829C69 /* kj_issue.png */; };
		B4207F501F31D38F00829C69 /* XYHttpTool.m in Sources */ = {isa = PBXBuildFile; fileRef = B4207F4D1F31D38F00829C69 /* XYHttpTool.m */; };
		B4207F511F31D38F00829C69 /* XYRequestParam.m in Sources */ = {isa = PBXBuildFile; fileRef = B4207F4F1F31D38F00829C69 /* XYRequestParam.m */; };
		B4207F661F31D3A100829C69 /* MJArgument.m in Sources */ = {isa = PBXBuildFile; fileRef = B4207F541F31D3A100829C69 /* MJArgument.m */; };
		B4207F671F31D3A100829C69 /* MJIvar.m in Sources */ = {isa = PBXBuildFile; fileRef = B4207F571F31D3A100829C69 /* MJIvar.m */; };
		B4207F681F31D3A100829C69 /* MJMember.m in Sources */ = {isa = PBXBuildFile; fileRef = B4207F591F31D3A100829C69 /* MJMember.m */; };
		B4207F691F31D3A100829C69 /* MJMethod.m in Sources */ = {isa = PBXBuildFile; fileRef = B4207F5B1F31D3A100829C69 /* MJMethod.m */; };
		B4207F6A1F31D3A100829C69 /* MJType.m in Sources */ = {isa = PBXBuildFile; fileRef = B4207F5D1F31D3A100829C69 /* MJType.m */; };
		B4207F6B1F31D3A100829C69 /* MJTypeEncoding.m in Sources */ = {isa = PBXBuildFile; fileRef = B4207F5F1F31D3A100829C69 /* MJTypeEncoding.m */; };
		B4207F6C1F31D3A100829C69 /* NSObject+MJCoding.m in Sources */ = {isa = PBXBuildFile; fileRef = B4207F611F31D3A100829C69 /* NSObject+MJCoding.m */; };
		B4207F6D1F31D3A100829C69 /* NSObject+MJKeyValue.m in Sources */ = {isa = PBXBuildFile; fileRef = B4207F631F31D3A100829C69 /* NSObject+MJKeyValue.m */; };
		B4207F6E1F31D3A100829C69 /* NSObject+MJMember.m in Sources */ = {isa = PBXBuildFile; fileRef = B4207F651F31D3A100829C69 /* NSObject+MJMember.m */; };
		B47319D91F2F2ABA00E0C688 /* MainNavController.m in Sources */ = {isa = PBXBuildFile; fileRef = B47319D81F2F2ABA00E0C688 /* MainNavController.m */; };
		B47319DC1F2F2AFF00E0C688 /* MainTabController.m in Sources */ = {isa = PBXBuildFile; fileRef = B47319DB1F2F2AFF00E0C688 /* MainTabController.m */; };
		B47319FD1F3015C200E0C688 /* PreSurveyController.m in Sources */ = {isa = PBXBuildFile; fileRef = B47319FC1F3015C200E0C688 /* PreSurveyController.m */; };
		B4731A031F3015F000E0C688 /* CurSurveyController.m in Sources */ = {isa = PBXBuildFile; fileRef = B4731A021F3015F000E0C688 /* CurSurveyController.m */; };
		B4731A061F30160000E0C688 /* NewsViewController.m in Sources */ = {isa = PBXBuildFile; fileRef = B4731A051F30160000E0C688 /* NewsViewController.m */; };
		B4731A091F30161900E0C688 /* LuckYViewController.m in Sources */ = {isa = PBXBuildFile; fileRef = B4731A081F30161900E0C688 /* LuckYViewController.m */; };
		B4731A0C1F30162700E0C688 /* ProfileViewController.m in Sources */ = {isa = PBXBuildFile; fileRef = B4731A0B1F30162700E0C688 /* ProfileViewController.m */; };
		B48ED3D61F2ADFC700F26BC3 /* main.m in Sources */ = {isa = PBXBuildFile; fileRef = B48ED3D51F2ADFC700F26BC3 /* main.m */; };
		B48ED3DF1F2ADFC700F26BC3 /* Main.storyboard in Resources */ = {isa = PBXBuildFile; fileRef = B48ED3DD1F2ADFC700F26BC3 /* Main.storyboard */; };
		B48ED3E11F2ADFC700F26BC3 /* Assets.xcassets in Resources */ = {isa = PBXBuildFile; fileRef = B48ED3E01F2ADFC700F26BC3 /* Assets.xcassets */; };
		B48ED3E41F2ADFC700F26BC3 /* LaunchScreen.storyboard in Resources */ = {isa = PBXBuildFile; fileRef = B48ED3E21F2ADFC700F26BC3 /* LaunchScreen.storyboard */; };
		B48ED3EF1F2ADFC700F26BC3 /* XYLotteryTests.m in Sources */ = {isa = PBXBuildFile; fileRef = B48ED3EE1F2ADFC700F26BC3 /* XYLotteryTests.m */; };
		B48ED3FA1F2ADFC700F26BC3 /* XYLotteryUITests.m in Sources */ = {isa = PBXBuildFile; fileRef = B48ED3F91F2ADFC700F26BC3 /* XYLotteryUITests.m */; };
		B48ED4171F2AE1D800F26BC3 /* AppDelegate.m in Sources */ = {isa = PBXBuildFile; fileRef = B48ED4141F2AE1D800F26BC3 /* AppDelegate.m */; };
		B48ED4181F2AE1D800F26BC3 /* ViewController.m in Sources */ = {isa = PBXBuildFile; fileRef = B48ED4161F2AE1D800F26BC3 /* ViewController.m */; };
		B48ED4271F2AEF7300F26BC3 /* jcore-ios-1.1.5.a in Frameworks */ = {isa = PBXBuildFile; fileRef = B48ED4241F2AEF7300F26BC3 /* jcore-ios-1.1.5.a */; };
		B48ED4281F2AEF7300F26BC3 /* jpush-ios-3.0.6.a in Frameworks */ = {isa = PBXBuildFile; fileRef = B48ED4251F2AEF7300F26BC3 /* jpush-ios-3.0.6.a */; };
		B48ED42B1F2B081700F26BC3 /* CFNetwork.framework in Frameworks */ = {isa = PBXBuildFile; fileRef = B48ED42A1F2B081700F26BC3 /* CFNetwork.framework */; };
		B48ED42D1F2B082600F26BC3 /* CoreFoundation.framework in Frameworks */ = {isa = PBXBuildFile; fileRef = B48ED42C1F2B082600F26BC3 /* CoreFoundation.framework */; };
		B48ED42F1F2B083B00F26BC3 /* CoreTelephony.framework in Frameworks */ = {isa = PBXBuildFile; fileRef = B48ED42E1F2B083B00F26BC3 /* CoreTelephony.framework */; };
		B48ED4311F2B084100F26BC3 /* SystemConfiguration.framework in Frameworks */ = {isa = PBXBuildFile; fileRef = B48ED4301F2B084100F26BC3 /* SystemConfiguration.framework */; };
		B48ED4331F2B084C00F26BC3 /* CoreGraphics.framework in Frameworks */ = {isa = PBXBuildFile; fileRef = B48ED4321F2B084C00F26BC3 /* CoreGraphics.framework */; };
		B48ED4351F2B085500F26BC3 /* Foundation.framework in Frameworks */ = {isa = PBXBuildFile; fileRef = B48ED4341F2B085500F26BC3 /* Foundation.framework */; };
		B48ED4371F2B085A00F26BC3 /* UIKit.framework in Frameworks */ = {isa = PBXBuildFile; fileRef = B48ED4361F2B085A00F26BC3 /* UIKit.framework */; };
		B48ED4391F2B086200F26BC3 /* Security.framework in Frameworks */ = {isa = PBXBuildFile; fileRef = B48ED4381F2B086200F26BC3 /* Security.framework */; };
		B48ED43B1F2B087600F26BC3 /* libz.tbd in Frameworks */ = {isa = PBXBuildFile; fileRef = B48ED43A1F2B087600F26BC3 /* libz.tbd */; };
		B48ED43D1F2B088300F26BC3 /* AdSupport.framework in Frameworks */ = {isa = PBXBuildFile; fileRef = B48ED43C1F2B088300F26BC3 /* AdSupport.framework */; };
		B48ED43F1F2B088D00F26BC3 /* UserNotifications.framework in Frameworks */ = {isa = PBXBuildFile; fileRef = B48ED43E1F2B088D00F26BC3 /* UserNotifications.framework */; };
		B48ED4411F2B089A00F26BC3 /* libresolv.tbd in Frameworks */ = {isa = PBXBuildFile; fileRef = B48ED4401F2B089A00F26BC3 /* libresolv.tbd */; };
		B49497AF1F32CC3000EF3252 /* expand_down@2x.png in Resources */ = {isa = PBXBuildFile; fileRef = B49497AE1F32CC3000EF3252 /* expand_down@2x.png */; };
		B49497B11F32CD4F00EF3252 /* expand_up@2x.png in Resources */ = {isa = PBXBuildFile; fileRef = B49497B01F32CD4F00EF3252 /* expand_up@2x.png */; };
		B49497B31F32D56900EF3252 /* lotteryData.plist in Resources */ = {isa = PBXBuildFile; fileRef = B49497B21F32D56900EF3252 /* lotteryData.plist */; };
		B49497B61F32F2D900EF3252 /* XYLotteryData.m in Sources */ = {isa = PBXBuildFile; fileRef = B49497B51F32F2D900EF3252 /* XYLotteryData.m */; };
		B49497B91F32F34A00EF3252 /* XYLottery.m in Sources */ = {isa = PBXBuildFile; fileRef = B49497B81F32F34A00EF3252 /* XYLottery.m */; };
		B49497BC1F32FC1D00EF3252 /* XYTools.m in Sources */ = {isa = PBXBuildFile; fileRef = B49497BB1F32FC1D00EF3252 /* XYTools.m */; };
		B4B071B91F336512006DD2A2 /* XYPreSurveyCell.m in Sources */ = {isa = PBXBuildFile; fileRef = B4B071B71F336512006DD2A2 /* XYPreSurveyCell.m */; };
		B4B071BA1F336512006DD2A2 /* XYPreSurveyCell.xib in Resources */ = {isa = PBXBuildFile; fileRef = B4B071B81F336512006DD2A2 /* XYPreSurveyCell.xib */; };
		B4B071BE1F337753006DD2A2 /* icon_see@2x.png in Resources */ = {isa = PBXBuildFile; fileRef = B4B071BD1F337753006DD2A2 /* icon_see@2x.png */; };
		B4CB4D901F320F0200640D43 /* XYSurveyModel.m in Sources */ = {isa = PBXBuildFile; fileRef = B4CB4D8F1F320F0200640D43 /* XYSurveyModel.m */; };
		B4CB4D931F3213BF00640D43 /* XYSurveyListModel.m in Sources */ = {isa = PBXBuildFile; fileRef = B4CB4D921F3213BF00640D43 /* XYSurveyListModel.m */; };
		B4D5DB2D1F3A110900F401E7 /* XYCurSurveyCell.m in Sources */ = {isa = PBXBuildFile; fileRef = B4D5DB2B1F3A110900F401E7 /* XYCurSurveyCell.m */; };
		B4D5DB2E1F3A110900F401E7 /* XYCurSurveyCell.xib in Resources */ = {isa = PBXBuildFile; fileRef = B4D5DB2C1F3A110900F401E7 /* XYCurSurveyCell.xib */; };
		B4E06CDE1F37F8E000B73542 /* XYCurSurveyTopView.m in Sources */ = {isa = PBXBuildFile; fileRef = B4E06CDD1F37F8E000B73542 /* XYCurSurveyTopView.m */; };
		B4E06CE21F3877C900B73542 /* XYCurSurveyTopView.xib in Resources */ = {isa = PBXBuildFile; fileRef = B4E06CE11F3877C900B73542 /* XYCurSurveyTopView.xib */; };
		B4F53DA61F3C054F002C7F4F /* XYNewsZuheFirstCell.m in Sources */ = {isa = PBXBuildFile; fileRef = B4F53DA41F3C054F002C7F4F /* XYNewsZuheFirstCell.m */; };
		B4F53DA71F3C054F002C7F4F /* XYNewsZuheFirstCell.xib in Resources */ = {isa = PBXBuildFile; fileRef = B4F53DA51F3C054F002C7F4F /* XYNewsZuheFirstCell.xib */; };
		B4F53DAB1F3C366F002C7F4F /* XYNewsHistoryCell.m in Sources */ = {isa = PBXBuildFile; fileRef = B4F53DA91F3C366F002C7F4F /* XYNewsHistoryCell.m */; };
		B4F53DAC1F3C366F002C7F4F /* XYNewsHistoryCell.xib in Resources */ = {isa = PBXBuildFile; fileRef = B4F53DAA1F3C366F002C7F4F /* XYNewsHistoryCell.xib */; };
		B4F53DAE1F3C37C7002C7F4F /* 钟图标@2x.png in Resources */ = {isa = PBXBuildFile; fileRef = B4F53DAD1F3C37C7002C7F4F /* 钟图标@2x.png */; };
		B4F53DB11F3C4F29002C7F4F /* XYProfileHeaderView.m in Sources */ = {isa = PBXBuildFile; fileRef = B4F53DB01F3C4F29002C7F4F /* XYProfileHeaderView.m */; };
		B4F53DB31F3C4F33002C7F4F /* XYProfileHeaderView.xib in Resources */ = {isa = PBXBuildFile; fileRef = B4F53DB21F3C4F33002C7F4F /* XYProfileHeaderView.xib */; };
		B4FC97A51F331C2E00E83E03 /* issuenum.plist in Resources */ = {isa = PBXBuildFile; fileRef = B4FC97A41F331C2E00E83E03 /* issuenum.plist */; };
		B4FC97A81F331D6800E83E03 /* XYIssueModel.m in Sources */ = {isa = PBXBuildFile; fileRef = B4FC97A71F331D6800E83E03 /* XYIssueModel.m */; };
/* End PBXBuildFile section */

/* Begin PBXContainerItemProxy section */
		B48ED3EB1F2ADFC700F26BC3 /* PBXContainerItemProxy */ = {
			isa = PBXContainerItemProxy;
			containerPortal = B48ED3C91F2ADFC700F26BC3 /* Project object */;
			proxyType = 1;
			remoteGlobalIDString = B48ED3D01F2ADFC700F26BC3;
			remoteInfo = XYLottery;
		};
		B48ED3F61F2ADFC700F26BC3 /* PBXContainerItemProxy */ = {
			isa = PBXContainerItemProxy;
			containerPortal = B48ED3C91F2ADFC700F26BC3 /* Project object */;
			proxyType = 1;
			remoteGlobalIDString = B48ED3D01F2ADFC700F26BC3;
			remoteInfo = XYLottery;
		};
/* End PBXContainerItemProxy section */

/* Begin PBXFileReference section */
		8373A13594BD1E3B900EDE3C /* Pods-XYLottery.debug.xcconfig */ = {isa = PBXFileReference; includeInIndex = 1; lastKnownFileType = text.xcconfig; name = "Pods-XYLottery.debug.xcconfig"; path = "Pods/Target Support Files/Pods-XYLottery/Pods-XYLottery.debug.xcconfig"; sourceTree = "<group>"; };
		B3A3DE33AC756E45BAA21AEB /* Pods-XYLottery.release.xcconfig */ = {isa = PBXFileReference; includeInIndex = 1; lastKnownFileType = text.xcconfig; name = "Pods-XYLottery.release.xcconfig"; path = "Pods/Target Support Files/Pods-XYLottery/Pods-XYLottery.release.xcconfig"; sourceTree = "<group>"; };
		B405D4401F3B005E005E2482 /* XYScrollHeaderView.h */ = {isa = PBXFileReference; fileEncoding = 4; lastKnownFileType = sourcecode.c.h; path = XYScrollHeaderView.h; sourceTree = "<group>"; };
		B405D4411F3B005E005E2482 /* XYScrollHeaderView.m */ = {isa = PBXFileReference; fileEncoding = 4; lastKnownFileType = sourcecode.c.objc; path = XYScrollHeaderView.m; sourceTree = "<group>"; };
		B4207ED11F30260300829C69 /* tabbar_curSurvey.png */ = {isa = PBXFileReference; lastKnownFileType = image.png; path = tabbar_curSurvey.png; sourceTree = "<group>"; };
		B4207ED21F30260300829C69 /* tabbar_curSurvey@2x.png */ = {isa = PBXFileReference; lastKnownFileType = image.png; path = "tabbar_curSurvey@2x.png"; sourceTree = "<group>"; };
		B4207ED31F30260300829C69 /* tabbar_curSurvey@3x.png */ = {isa = PBXFileReference; lastKnownFileType = image.png; path = "tabbar_curSurvey@3x.png"; sourceTree = "<group>"; };
		B4207ED41F30260300829C69 /* tabbar_curSurvey_sel.png */ = {isa = PBXFileReference; lastKnownFileType = image.png; path = tabbar_curSurvey_sel.png; sourceTree = "<group>"; };
		B4207ED51F30260300829C69 /* tabbar_curSurvey_sel@2x.png */ = {isa = PBXFileReference; lastKnownFileType = image.png; path = "tabbar_curSurvey_sel@2x.png"; sourceTree = "<group>"; };
		B4207ED61F30260300829C69 /* tabbar_curSurvey_sel@3x.png */ = {isa = PBXFileReference; lastKnownFileType = image.png; path = "tabbar_curSurvey_sel@3x.png"; sourceTree = "<group>"; };
		B4207ED71F30260300829C69 /* tabbar_lucky.png */ = {isa = PBXFileReference; lastKnownFileType = image.png; path = tabbar_lucky.png; sourceTree = "<group>"; };
		B4207ED81F30260300829C69 /* tabbar_lucky@2x.png */ = {isa = PBXFileReference; lastKnownFileType = image.png; path = "tabbar_lucky@2x.png"; sourceTree = "<group>"; };
		B4207ED91F30260300829C69 /* tabbar_lucky@3x.png */ = {isa = PBXFileReference; lastKnownFileType = image.png; path = "tabbar_lucky@3x.png"; sourceTree = "<group>"; };
		B4207EDA1F30260300829C69 /* tabbar_lucky_sel.png */ = {isa = PBXFileReference; lastKnownFileType = image.png; path = tabbar_lucky_sel.png; sourceTree = "<group>"; };
		B4207EDB1F30260300829C69 /* tabbar_lucky_sel@2x.png */ = {isa = PBXFileReference; lastKnownFileType = image.png; path = "tabbar_lucky_sel@2x.png"; sourceTree = "<group>"; };
		B4207EDC1F30260300829C69 /* tabbar_lucky_sel@3x.png */ = {isa = PBXFileReference; lastKnownFileType = image.png; path = "tabbar_lucky_sel@3x.png"; sourceTree = "<group>"; };
		B4207EDD1F30260300829C69 /* tabbar_news.png */ = {isa = PBXFileReference; lastKnownFileType = image.png; path = tabbar_news.png; sourceTree = "<group>"; };
		B4207EDE1F30260300829C69 /* tabbar_news@2x.png */ = {isa = PBXFileReference; lastKnownFileType = image.png; path = "tabbar_news@2x.png"; sourceTree = "<group>"; };
		B4207EDF1F30260300829C69 /* tabbar_news@3x.png */ = {isa = PBXFileReference; lastKnownFileType = image.png; path = "tabbar_news@3x.png"; sourceTree = "<group>"; };
		B4207EE01F30260300829C69 /* tabbar_news_sel.png */ = {isa = PBXFileReference; lastKnownFileType = image.png; path = tabbar_news_sel.png; sourceTree = "<group>"; };
		B4207EE11F30260300829C69 /* tabbar_news_sel@2x.png */ = {isa = PBXFileReference; lastKnownFileType = image.png; path = "tabbar_news_sel@2x.png"; sourceTree = "<group>"; };
		B4207EE21F30260300829C69 /* tabbar_news_sel@3x.png */ = {isa = PBXFileReference; lastKnownFileType = image.png; path = "tabbar_news_sel@3x.png"; sourceTree = "<group>"; };
		B4207EE31F30260300829C69 /* tabbar_preSurvey.png */ = {isa = PBXFileReference; lastKnownFileType = image.png; path = tabbar_preSurvey.png; sourceTree = "<group>"; };
		B4207EE41F30260300829C69 /* tabbar_preSurvey@2x.png */ = {isa = PBXFileReference; lastKnownFileType = image.png; path = "tabbar_preSurvey@2x.png"; sourceTree = "<group>"; };
		B4207EE51F30260300829C69 /* tabbar_preSurvey@3x.png */ = {isa = PBXFileReference; lastKnownFileType = image.png; path = "tabbar_preSurvey@3x.png"; sourceTree = "<group>"; };
		B4207EE61F30260300829C69 /* tabbar_preSurvey_sel.png */ = {isa = PBXFileReference; lastKnownFileType = image.png; path = tabbar_preSurvey_sel.png; sourceTree = "<group>"; };
		B4207EE71F30260300829C69 /* tabbar_preSurvey_sel@2x.png */ = {isa = PBXFileReference; lastKnownFileType = image.png; path = "tabbar_preSurvey_sel@2x.png"; sourceTree = "<group>"; };
		B4207EE81F30260300829C69 /* tabbar_preSurvey_sel@3x.png */ = {isa = PBXFileReference; lastKnownFileType = image.png; path = "tabbar_preSurvey_sel@3x.png"; sourceTree = "<group>"; };
		B4207EE91F30260300829C69 /* tabbar_profile.png */ = {isa = PBXFileReference; lastKnownFileType = image.png; path = tabbar_profile.png; sourceTree = "<group>"; };
		B4207EEA1F30260300829C69 /* tabbar_profile@2x.png */ = {isa = PBXFileReference; lastKnownFileType = image.png; path = "tabbar_profile@2x.png"; sourceTree = "<group>"; };
		B4207EEB1F30260300829C69 /* tabbar_profile@3x.png */ = {isa = PBXFileReference; lastKnownFileType = image.png; path = "tabbar_profile@3x.png"; sourceTree = "<group>"; };
		B4207EEC1F30260300829C69 /* tabbar_profile_sel.png */ = {isa = PBXFileReference; lastKnownFileType = image.png; path = tabbar_profile_sel.png; sourceTree = "<group>"; };
		B4207EED1F30260300829C69 /* tabbar_profile_sel@2x.png */ = {isa = PBXFileReference; lastKnownFileType = image.png; path = "tabbar_profile_sel@2x.png"; sourceTree = "<group>"; };
		B4207EEE1F30260300829C69 /* tabbar_profile_sel@3x.png */ = {isa = PBXFileReference; lastKnownFileType = image.png; path = "tabbar_profile_sel@3x.png"; sourceTree = "<group>"; };
		B4207F101F302E3B00829C69 /* XYLottery.pch */ = {isa = PBXFileReference; lastKnownFileType = sourcecode.c.h; path = XYLottery.pch; sourceTree = "<group>"; };
		B4207F111F30300500829C69 /* BaseViewController.h */ = {isa = PBXFileReference; fileEncoding = 4; lastKnownFileType = sourcecode.c.h; path = BaseViewController.h; sourceTree = "<group>"; };
		B4207F121F30300500829C69 /* BaseViewController.m */ = {isa = PBXFileReference; fileEncoding = 4; lastKnownFileType = sourcecode.c.objc; path = BaseViewController.m; sourceTree = "<group>"; };
		B4207F141F304E6000829C69 /* XYTitleButton.h */ = {isa = PBXFileReference; fileEncoding = 4; lastKnownFileType = sourcecode.c.h; path = XYTitleButton.h; sourceTree = "<group>"; };
		B4207F151F304E6000829C69 /* XYTitleButton.m */ = {isa = PBXFileReference; fileEncoding = 4; lastKnownFileType = sourcecode.c.objc; path = XYTitleButton.m; sourceTree = "<group>"; };
		B4207F1C1F3060E700829C69 /* XYKit.h */ = {isa = PBXFileReference; lastKnownFileType = sourcecode.c.h; path = XYKit.h; sourceTree = "<group>"; };
		B4207F251F3067E100829C69 /* UIImage+XY.h */ = {isa = PBXFileReference; fileEncoding = 4; lastKnownFileType = sourcecode.c.h; path = "UIImage+XY.h"; sourceTree = "<group>"; };
		B4207F261F3067E100829C69 /* UIImage+XY.m */ = {isa = PBXFileReference; fileEncoding = 4; lastKnownFileType = sourcecode.c.objc; path = "UIImage+XY.m"; sourceTree = "<group>"; };
		B4207F281F30681B00829C69 /* XYKitMacro.h */ = {isa = PBXFileReference; lastKnownFileType = sourcecode.c.h; path = XYKitMacro.h; sourceTree = "<group>"; };
		B4207F2A1F30731900829C69 /* navigationbar_arrow_down.png */ = {isa = PBXFileReference; lastKnownFileType = image.png; path = navigationbar_arrow_down.png; sourceTree = "<group>"; };
		B4207F2B1F30731900829C69 /* navigationbar_arrow_up.png */ = {isa = PBXFileReference; lastKnownFileType = image.png; path = navigationbar_arrow_up.png; sourceTree = "<group>"; };
		B4207F2E1F307EF200829C69 /* grrow_down.png */ = {isa = PBXFileReference; lastKnownFileType = image.png; path = grrow_down.png; sourceTree = "<group>"; };
		B4207F2F1F307EF200829C69 /* grrow_down@2x.png */ = {isa = PBXFileReference; lastKnownFileType = image.png; path = "grrow_down@2x.png"; sourceTree = "<group>"; };
		B4207F301F307EF200829C69 /* grrow_down@3x.png */ = {isa = PBXFileReference; lastKnownFileType = image.png; path = "grrow_down@3x.png"; sourceTree = "<group>"; };
		B4207F341F30817D00829C69 /* titleBtnBg.png */ = {isa = PBXFileReference; lastKnownFileType = image.png; path = titleBtnBg.png; sourceTree = "<group>"; };
		B4207F371F31630700829C69 /* XYPopoverViewController.h */ = {isa = PBXFileReference; fileEncoding = 4; lastKnownFileType = sourcecode.c.h; path = XYPopoverViewController.h; sourceTree = "<group>"; };
		B4207F381F31630700829C69 /* XYPopoverViewController.m */ = {isa = PBXFileReference; fileEncoding = 4; lastKnownFileType = sourcecode.c.objc; path = XYPopoverViewController.m; sourceTree = "<group>"; };
		B4207F3A1F31638900829C69 /* XYPopoverAnimator.h */ = {isa = PBXFileReference; fileEncoding = 4; lastKnownFileType = sourcecode.c.h; path = XYPopoverAnimator.h; sourceTree = "<group>"; };
		B4207F3B1F31638900829C69 /* XYPopoverAnimator.m */ = {isa = PBXFileReference; fileEncoding = 4; lastKnownFileType = sourcecode.c.objc; path = XYPopoverAnimator.m; sourceTree = "<group>"; };
		B4207F3D1F316AF900829C69 /* XYPresentationController.h */ = {isa = PBXFileReference; fileEncoding = 4; lastKnownFileType = sourcecode.c.h; path = XYPresentationController.h; sourceTree = "<group>"; };
		B4207F3E1F316AF900829C69 /* XYPresentationController.m */ = {isa = PBXFileReference; fileEncoding = 4; lastKnownFileType = sourcecode.c.objc; path = XYPresentationController.m; sourceTree = "<group>"; };
		B4207F401F31B74B00829C69 /* XYPreSurveyTopView.h */ = {isa = PBXFileReference; fileEncoding = 4; lastKnownFileType = sourcecode.c.h; path = XYPreSurveyTopView.h; sourceTree = "<group>"; };
		B4207F411F31B74B00829C69 /* XYPreSurveyTopView.m */ = {isa = PBXFileReference; fileEncoding = 4; lastKnownFileType = sourcecode.c.objc; path = XYPreSurveyTopView.m; sourceTree = "<group>"; };
		B4207F431F31B7AC00829C69 /* XYPreSurveyTopView.xib */ = {isa = PBXFileReference; fileEncoding = 4; lastKnownFileType = file.xib; path = XYPreSurveyTopView.xib; sourceTree = "<group>"; };
		B4207F451F31BC2B00829C69 /* XYPreSurveyModel.h */ = {isa = PBXFileReference; fileEncoding = 4; lastKnownFileType = sourcecode.c.h; path = XYPreSurveyModel.h; sourceTree = "<group>"; };
		B4207F461F31BC2B00829C69 /* XYPreSurveyModel.m */ = {isa = PBXFileReference; fileEncoding = 4; lastKnownFileType = sourcecode.c.objc; path = XYPreSurveyModel.m; sourceTree = "<group>"; };
		B4207F481F31C84500829C69 /* kj_issue.png */ = {isa = PBXFileReference; lastKnownFileType = image.png; path = kj_issue.png; sourceTree = "<group>"; };
		B4207F4C1F31D38F00829C69 /* XYHttpTool.h */ = {isa = PBXFileReference; fileEncoding = 4; lastKnownFileType = sourcecode.c.h; path = XYHttpTool.h; sourceTree = "<group>"; };
		B4207F4D1F31D38F00829C69 /* XYHttpTool.m */ = {isa = PBXFileReference; fileEncoding = 4; lastKnownFileType = sourcecode.c.objc; path = XYHttpTool.m; sourceTree = "<group>"; };
		B4207F4E1F31D38F00829C69 /* XYRequestParam.h */ = {isa = PBXFileReference; fileEncoding = 4; lastKnownFileType = sourcecode.c.h; path = XYRequestParam.h; sourceTree = "<group>"; };
		B4207F4F1F31D38F00829C69 /* XYRequestParam.m */ = {isa = PBXFileReference; fileEncoding = 4; lastKnownFileType = sourcecode.c.objc; path = XYRequestParam.m; sourceTree = "<group>"; };
		B4207F531F31D3A100829C69 /* MJArgument.h */ = {isa = PBXFileReference; fileEncoding = 4; lastKnownFileType = sourcecode.c.h; path = MJArgument.h; sourceTree = "<group>"; };
		B4207F541F31D3A100829C69 /* MJArgument.m */ = {isa = PBXFileReference; fileEncoding = 4; lastKnownFileType = sourcecode.c.objc; path = MJArgument.m; sourceTree = "<group>"; };
		B4207F551F31D3A100829C69 /* MJExtension.h */ = {isa = PBXFileReference; fileEncoding = 4; lastKnownFileType = sourcecode.c.h; path = MJExtension.h; sourceTree = "<group>"; };
		B4207F561F31D3A100829C69 /* MJIvar.h */ = {isa = PBXFileReference; fileEncoding = 4; lastKnownFileType = sourcecode.c.h; path = MJIvar.h; sourceTree = "<group>"; };
		B4207F571F31D3A100829C69 /* MJIvar.m */ = {isa = PBXFileReference; fileEncoding = 4; lastKnownFileType = sourcecode.c.objc; path = MJIvar.m; sourceTree = "<group>"; };
		B4207F581F31D3A100829C69 /* MJMember.h */ = {isa = PBXFileReference; fileEncoding = 4; lastKnownFileType = sourcecode.c.h; path = MJMember.h; sourceTree = "<group>"; };
		B4207F591F31D3A100829C69 /* MJMember.m */ = {isa = PBXFileReference; fileEncoding = 4; lastKnownFileType = sourcecode.c.objc; path = MJMember.m; sourceTree = "<group>"; };
		B4207F5A1F31D3A100829C69 /* MJMethod.h */ = {isa = PBXFileReference; fileEncoding = 4; lastKnownFileType = sourcecode.c.h; path = MJMethod.h; sourceTree = "<group>"; };
		B4207F5B1F31D3A100829C69 /* MJMethod.m */ = {isa = PBXFileReference; fileEncoding = 4; lastKnownFileType = sourcecode.c.objc; path = MJMethod.m; sourceTree = "<group>"; };
		B4207F5C1F31D3A100829C69 /* MJType.h */ = {isa = PBXFileReference; fileEncoding = 4; lastKnownFileType = sourcecode.c.h; path = MJType.h; sourceTree = "<group>"; };
		B4207F5D1F31D3A100829C69 /* MJType.m */ = {isa = PBXFileReference; fileEncoding = 4; lastKnownFileType = sourcecode.c.objc; path = MJType.m; sourceTree = "<group>"; };
		B4207F5E1F31D3A100829C69 /* MJTypeEncoding.h */ = {isa = PBXFileReference; fileEncoding = 4; lastKnownFileType = sourcecode.c.h; path = MJTypeEncoding.h; sourceTree = "<group>"; };
		B4207F5F1F31D3A100829C69 /* MJTypeEncoding.m */ = {isa = PBXFileReference; fileEncoding = 4; lastKnownFileType = sourcecode.c.objc; path = MJTypeEncoding.m; sourceTree = "<group>"; };
		B4207F601F31D3A100829C69 /* NSObject+MJCoding.h */ = {isa = PBXFileReference; fileEncoding = 4; lastKnownFileType = sourcecode.c.h; path = "NSObject+MJCoding.h"; sourceTree = "<group>"; };
		B4207F611F31D3A100829C69 /* NSObject+MJCoding.m */ = {isa = PBXFileReference; fileEncoding = 4; lastKnownFileType = sourcecode.c.objc; path = "NSObject+MJCoding.m"; sourceTree = "<group>"; };
		B4207F621F31D3A100829C69 /* NSObject+MJKeyValue.h */ = {isa = PBXFileReference; fileEncoding = 4; lastKnownFileType = sourcecode.c.h; path = "NSObject+MJKeyValue.h"; sourceTree = "<group>"; };
		B4207F631F31D3A100829C69 /* NSObject+MJKeyValue.m */ = {isa = PBXFileReference; fileEncoding = 4; lastKnownFileType = sourcecode.c.objc; path = "NSObject+MJKeyValue.m"; sourceTree = "<group>"; };
		B4207F641F31D3A100829C69 /* NSObject+MJMember.h */ = {isa = PBXFileReference; fileEncoding = 4; lastKnownFileType = sourcecode.c.h; path = "NSObject+MJMember.h"; sourceTree = "<group>"; };
		B4207F651F31D3A100829C69 /* NSObject+MJMember.m */ = {isa = PBXFileReference; fileEncoding = 4; lastKnownFileType = sourcecode.c.objc; path = "NSObject+MJMember.m"; sourceTree = "<group>"; };
		B47319D71F2F2ABA00E0C688 /* MainNavController.h */ = {isa = PBXFileReference; fileEncoding = 4; lastKnownFileType = sourcecode.c.h; path = MainNavController.h; sourceTree = "<group>"; };
		B47319D81F2F2ABA00E0C688 /* MainNavController.m */ = {isa = PBXFileReference; fileEncoding = 4; lastKnownFileType = sourcecode.c.objc; path = MainNavController.m; sourceTree = "<group>"; };
		B47319DA1F2F2AFF00E0C688 /* MainTabController.h */ = {isa = PBXFileReference; fileEncoding = 4; lastKnownFileType = sourcecode.c.h; path = MainTabController.h; sourceTree = "<group>"; };
		B47319DB1F2F2AFF00E0C688 /* MainTabController.m */ = {isa = PBXFileReference; fileEncoding = 4; lastKnownFileType = sourcecode.c.objc; path = MainTabController.m; sourceTree = "<group>"; };
		B47319FB1F3015C200E0C688 /* PreSurveyController.h */ = {isa = PBXFileReference; fileEncoding = 4; lastKnownFileType = sourcecode.c.h; path = PreSurveyController.h; sourceTree = "<group>"; };
		B47319FC1F3015C200E0C688 /* PreSurveyController.m */ = {isa = PBXFileReference; fileEncoding = 4; lastKnownFileType = sourcecode.c.objc; path = PreSurveyController.m; sourceTree = "<group>"; };
		B4731A011F3015F000E0C688 /* CurSurveyController.h */ = {isa = PBXFileReference; fileEncoding = 4; lastKnownFileType = sourcecode.c.h; path = CurSurveyController.h; sourceTree = "<group>"; };
		B4731A021F3015F000E0C688 /* CurSurveyController.m */ = {isa = PBXFileReference; fileEncoding = 4; lastKnownFileType = sourcecode.c.objc; path = CurSurveyController.m; sourceTree = "<group>"; };
		B4731A041F30160000E0C688 /* NewsViewController.h */ = {isa = PBXFileReference; fileEncoding = 4; lastKnownFileType = sourcecode.c.h; path = NewsViewController.h; sourceTree = "<group>"; };
		B4731A051F30160000E0C688 /* NewsViewController.m */ = {isa = PBXFileReference; fileEncoding = 4; lastKnownFileType = sourcecode.c.objc; path = NewsViewController.m; sourceTree = "<group>"; };
		B4731A071F30161900E0C688 /* LuckYViewController.h */ = {isa = PBXFileReference; fileEncoding = 4; lastKnownFileType = sourcecode.c.h; path = LuckYViewController.h; sourceTree = "<group>"; };
		B4731A081F30161900E0C688 /* LuckYViewController.m */ = {isa = PBXFileReference; fileEncoding = 4; lastKnownFileType = sourcecode.c.objc; path = LuckYViewController.m; sourceTree = "<group>"; };
		B4731A0A1F30162700E0C688 /* ProfileViewController.h */ = {isa = PBXFileReference; fileEncoding = 4; lastKnownFileType = sourcecode.c.h; path = ProfileViewController.h; sourceTree = "<group>"; };
		B4731A0B1F30162700E0C688 /* ProfileViewController.m */ = {isa = PBXFileReference; fileEncoding = 4; lastKnownFileType = sourcecode.c.objc; path = ProfileViewController.m; sourceTree = "<group>"; };
		B48ED3D11F2ADFC700F26BC3 /* XYLottery.app */ = {isa = PBXFileReference; explicitFileType = wrapper.application; includeInIndex = 0; path = XYLottery.app; sourceTree = BUILT_PRODUCTS_DIR; };
		B48ED3D51F2ADFC700F26BC3 /* main.m */ = {isa = PBXFileReference; lastKnownFileType = sourcecode.c.objc; path = main.m; sourceTree = "<group>"; };
		B48ED3DE1F2ADFC700F26BC3 /* Base */ = {isa = PBXFileReference; lastKnownFileType = file.storyboard; name = Base; path = Base.lproj/Main.storyboard; sourceTree = "<group>"; };
		B48ED3E01F2ADFC700F26BC3 /* Assets.xcassets */ = {isa = PBXFileReference; lastKnownFileType = folder.assetcatalog; path = Assets.xcassets; sourceTree = "<group>"; };
		B48ED3E31F2ADFC700F26BC3 /* Base */ = {isa = PBXFileReference; lastKnownFileType = file.storyboard; name = Base; path = Base.lproj/LaunchScreen.storyboard; sourceTree = "<group>"; };
		B48ED3E51F2ADFC700F26BC3 /* Info.plist */ = {isa = PBXFileReference; lastKnownFileType = text.plist.xml; path = Info.plist; sourceTree = "<group>"; };
		B48ED3EA1F2ADFC700F26BC3 /* XYLotteryTests.xctest */ = {isa = PBXFileReference; explicitFileType = wrapper.cfbundle; includeInIndex = 0; path = XYLotteryTests.xctest; sourceTree = BUILT_PRODUCTS_DIR; };
		B48ED3EE1F2ADFC700F26BC3 /* XYLotteryTests.m */ = {isa = PBXFileReference; lastKnownFileType = sourcecode.c.objc; path = XYLotteryTests.m; sourceTree = "<group>"; };
		B48ED3F01F2ADFC700F26BC3 /* Info.plist */ = {isa = PBXFileReference; lastKnownFileType = text.plist.xml; path = Info.plist; sourceTree = "<group>"; };
		B48ED3F51F2ADFC700F26BC3 /* XYLotteryUITests.xctest */ = {isa = PBXFileReference; explicitFileType = wrapper.cfbundle; includeInIndex = 0; path = XYLotteryUITests.xctest; sourceTree = BUILT_PRODUCTS_DIR; };
		B48ED3F91F2ADFC700F26BC3 /* XYLotteryUITests.m */ = {isa = PBXFileReference; lastKnownFileType = sourcecode.c.objc; path = XYLotteryUITests.m; sourceTree = "<group>"; };
		B48ED3FB1F2ADFC700F26BC3 /* Info.plist */ = {isa = PBXFileReference; lastKnownFileType = text.plist.xml; path = Info.plist; sourceTree = "<group>"; };
		B48ED4131F2AE1D800F26BC3 /* AppDelegate.h */ = {isa = PBXFileReference; fileEncoding = 4; lastKnownFileType = sourcecode.c.h; name = AppDelegate.h; path = Other/AppDelegate.h; sourceTree = "<group>"; };
		B48ED4141F2AE1D800F26BC3 /* AppDelegate.m */ = {isa = PBXFileReference; fileEncoding = 4; lastKnownFileType = sourcecode.c.objc; name = AppDelegate.m; path = Other/AppDelegate.m; sourceTree = "<group>"; };
		B48ED4151F2AE1D800F26BC3 /* ViewController.h */ = {isa = PBXFileReference; fileEncoding = 4; lastKnownFileType = sourcecode.c.h; name = ViewController.h; path = ../Other/ViewController.h; sourceTree = "<group>"; };
		B48ED4161F2AE1D800F26BC3 /* ViewController.m */ = {isa = PBXFileReference; fileEncoding = 4; lastKnownFileType = sourcecode.c.objc; name = ViewController.m; path = ../Other/ViewController.m; sourceTree = "<group>"; };
		B48ED41E1F2AE92B00F26BC3 /* XYLottery.entitlements */ = {isa = PBXFileReference; lastKnownFileType = text.plist.entitlements; path = XYLottery.entitlements; sourceTree = "<group>"; };
		B48ED4241F2AEF7300F26BC3 /* jcore-ios-1.1.5.a */ = {isa = PBXFileReference; lastKnownFileType = archive.ar; path = "jcore-ios-1.1.5.a"; sourceTree = "<group>"; };
		B48ED4251F2AEF7300F26BC3 /* jpush-ios-3.0.6.a */ = {isa = PBXFileReference; lastKnownFileType = archive.ar; path = "jpush-ios-3.0.6.a"; sourceTree = "<group>"; };
		B48ED4261F2AEF7300F26BC3 /* JPUSHService.h */ = {isa = PBXFileReference; fileEncoding = 4; lastKnownFileType = sourcecode.c.h; path = JPUSHService.h; sourceTree = "<group>"; };
		B48ED42A1F2B081700F26BC3 /* CFNetwork.framework */ = {isa = PBXFileReference; lastKnownFileType = wrapper.framework; name = CFNetwork.framework; path = System/Library/Frameworks/CFNetwork.framework; sourceTree = SDKROOT; };
		B48ED42C1F2B082600F26BC3 /* CoreFoundation.framework */ = {isa = PBXFileReference; lastKnownFileType = wrapper.framework; name = CoreFoundation.framework; path = System/Library/Frameworks/CoreFoundation.framework; sourceTree = SDKROOT; };
		B48ED42E1F2B083B00F26BC3 /* CoreTelephony.framework */ = {isa = PBXFileReference; lastKnownFileType = wrapper.framework; name = CoreTelephony.framework; path = System/Library/Frameworks/CoreTelephony.framework; sourceTree = SDKROOT; };
		B48ED4301F2B084100F26BC3 /* SystemConfiguration.framework */ = {isa = PBXFileReference; lastKnownFileType = wrapper.framework; name = SystemConfiguration.framework; path = System/Library/Frameworks/SystemConfiguration.framework; sourceTree = SDKROOT; };
		B48ED4321F2B084C00F26BC3 /* CoreGraphics.framework */ = {isa = PBXFileReference; lastKnownFileType = wrapper.framework; name = CoreGraphics.framework; path = System/Library/Frameworks/CoreGraphics.framework; sourceTree = SDKROOT; };
		B48ED4341F2B085500F26BC3 /* Foundation.framework */ = {isa = PBXFileReference; lastKnownFileType = wrapper.framework; name = Foundation.framework; path = System/Library/Frameworks/Foundation.framework; sourceTree = SDKROOT; };
		B48ED4361F2B085A00F26BC3 /* UIKit.framework */ = {isa = PBXFileReference; lastKnownFileType = wrapper.framework; name = UIKit.framework; path = System/Library/Frameworks/UIKit.framework; sourceTree = SDKROOT; };
		B48ED4381F2B086200F26BC3 /* Security.framework */ = {isa = PBXFileReference; lastKnownFileType = wrapper.framework; name = Security.framework; path = System/Library/Frameworks/Security.framework; sourceTree = SDKROOT; };
		B48ED43A1F2B087600F26BC3 /* libz.tbd */ = {isa = PBXFileReference; lastKnownFileType = "sourcecode.text-based-dylib-definition"; name = libz.tbd; path = usr/lib/libz.tbd; sourceTree = SDKROOT; };
		B48ED43C1F2B088300F26BC3 /* AdSupport.framework */ = {isa = PBXFileReference; lastKnownFileType = wrapper.framework; name = AdSupport.framework; path = System/Library/Frameworks/AdSupport.framework; sourceTree = SDKROOT; };
		B48ED43E1F2B088D00F26BC3 /* UserNotifications.framework */ = {isa = PBXFileReference; lastKnownFileType = wrapper.framework; name = UserNotifications.framework; path = System/Library/Frameworks/UserNotifications.framework; sourceTree = SDKROOT; };
		B48ED4401F2B089A00F26BC3 /* libresolv.tbd */ = {isa = PBXFileReference; lastKnownFileType = "sourcecode.text-based-dylib-definition"; name = libresolv.tbd; path = usr/lib/libresolv.tbd; sourceTree = SDKROOT; };
		B49497AE1F32CC3000EF3252 /* expand_down@2x.png */ = {isa = PBXFileReference; lastKnownFileType = image.png; path = "expand_down@2x.png"; sourceTree = "<group>"; };
		B49497B01F32CD4F00EF3252 /* expand_up@2x.png */ = {isa = PBXFileReference; lastKnownFileType = image.png; path = "expand_up@2x.png"; sourceTree = "<group>"; };
		B49497B21F32D56900EF3252 /* lotteryData.plist */ = {isa = PBXFileReference; lastKnownFileType = file.bplist; path = lotteryData.plist; sourceTree = "<group>"; };
		B49497B41F32F2D900EF3252 /* XYLotteryData.h */ = {isa = PBXFileReference; fileEncoding = 4; lastKnownFileType = sourcecode.c.h; path = XYLotteryData.h; sourceTree = "<group>"; };
		B49497B51F32F2D900EF3252 /* XYLotteryData.m */ = {isa = PBXFileReference; fileEncoding = 4; lastKnownFileType = sourcecode.c.objc; path = XYLotteryData.m; sourceTree = "<group>"; };
		B49497B71F32F34A00EF3252 /* XYLottery.h */ = {isa = PBXFileReference; fileEncoding = 4; lastKnownFileType = sourcecode.c.h; path = XYLottery.h; sourceTree = "<group>"; };
		B49497B81F32F34A00EF3252 /* XYLottery.m */ = {isa = PBXFileReference; fileEncoding = 4; lastKnownFileType = sourcecode.c.objc; path = XYLottery.m; sourceTree = "<group>"; };
		B49497BA1F32FC1D00EF3252 /* XYTools.h */ = {isa = PBXFileReference; fileEncoding = 4; lastKnownFileType = sourcecode.c.h; path = XYTools.h; sourceTree = "<group>"; };
		B49497BB1F32FC1D00EF3252 /* XYTools.m */ = {isa = PBXFileReference; fileEncoding = 4; lastKnownFileType = sourcecode.c.objc; path = XYTools.m; sourceTree = "<group>"; };
		B4B071B61F336512006DD2A2 /* XYPreSurveyCell.h */ = {isa = PBXFileReference; fileEncoding = 4; lastKnownFileType = sourcecode.c.h; path = XYPreSurveyCell.h; sourceTree = "<group>"; };
		B4B071B71F336512006DD2A2 /* XYPreSurveyCell.m */ = {isa = PBXFileReference; fileEncoding = 4; lastKnownFileType = sourcecode.c.objc; path = XYPreSurveyCell.m; sourceTree = "<group>"; };
		B4B071B81F336512006DD2A2 /* XYPreSurveyCell.xib */ = {isa = PBXFileReference; fileEncoding = 4; lastKnownFileType = file.xib; path = XYPreSurveyCell.xib; sourceTree = "<group>"; };
		B4B071BD1F337753006DD2A2 /* icon_see@2x.png */ = {isa = PBXFileReference; lastKnownFileType = image.png; path = "icon_see@2x.png"; sourceTree = "<group>"; };
		B4CB4D8E1F320F0200640D43 /* XYSurveyModel.h */ = {isa = PBXFileReference; fileEncoding = 4; lastKnownFileType = sourcecode.c.h; path = XYSurveyModel.h; sourceTree = "<group>"; };
		B4CB4D8F1F320F0200640D43 /* XYSurveyModel.m */ = {isa = PBXFileReference; fileEncoding = 4; lastKnownFileType = sourcecode.c.objc; path = XYSurveyModel.m; sourceTree = "<group>"; };
		B4CB4D911F3213BF00640D43 /* XYSurveyListModel.h */ = {isa = PBXFileReference; fileEncoding = 4; lastKnownFileType = sourcecode.c.h; path = XYSurveyListModel.h; sourceTree = "<group>"; };
		B4CB4D921F3213BF00640D43 /* XYSurveyListModel.m */ = {isa = PBXFileReference; fileEncoding = 4; lastKnownFileType = sourcecode.c.objc; path = XYSurveyListModel.m; sourceTree = "<group>"; };
		B4D5DB2A1F3A110900F401E7 /* XYCurSurveyCell.h */ = {isa = PBXFileReference; fileEncoding = 4; lastKnownFileType = sourcecode.c.h; path = XYCurSurveyCell.h; sourceTree = "<group>"; };
		B4D5DB2B1F3A110900F401E7 /* XYCurSurveyCell.m */ = {isa = PBXFileReference; fileEncoding = 4; lastKnownFileType = sourcecode.c.objc; path = XYCurSurveyCell.m; sourceTree = "<group>"; };
		B4D5DB2C1F3A110900F401E7 /* XYCurSurveyCell.xib */ = {isa = PBXFileReference; fileEncoding = 4; lastKnownFileType = file.xib; path = XYCurSurveyCell.xib; sourceTree = "<group>"; };
		B4E06CDC1F37F8E000B73542 /* XYCurSurveyTopView.h */ = {isa = PBXFileReference; fileEncoding = 4; lastKnownFileType = sourcecode.c.h; path = XYCurSurveyTopView.h; sourceTree = "<group>"; };
		B4E06CDD1F37F8E000B73542 /* XYCurSurveyTopView.m */ = {isa = PBXFileReference; fileEncoding = 4; lastKnownFileType = sourcecode.c.objc; path = XYCurSurveyTopView.m; sourceTree = "<group>"; };
		B4E06CE11F3877C900B73542 /* XYCurSurveyTopView.xib */ = {isa = PBXFileReference; fileEncoding = 4; lastKnownFileType = file.xib; path = XYCurSurveyTopView.xib; sourceTree = "<group>"; };
		B4F53DA31F3C054F002C7F4F /* XYNewsZuheFirstCell.h */ = {isa = PBXFileReference; fileEncoding = 4; lastKnownFileType = sourcecode.c.h; path = XYNewsZuheFirstCell.h; sourceTree = "<group>"; };
		B4F53DA41F3C054F002C7F4F /* XYNewsZuheFirstCell.m */ = {isa = PBXFileReference; fileEncoding = 4; lastKnownFileType = sourcecode.c.objc; path = XYNewsZuheFirstCell.m; sourceTree = "<group>"; };
		B4F53DA51F3C054F002C7F4F /* XYNewsZuheFirstCell.xib */ = {isa = PBXFileReference; fileEncoding = 4; lastKnownFileType = file.xib; path = XYNewsZuheFirstCell.xib; sourceTree = "<group>"; };
		B4F53DA81F3C366F002C7F4F /* XYNewsHistoryCell.h */ = {isa = PBXFileReference; fileEncoding = 4; lastKnownFileType = sourcecode.c.h; path = XYNewsHistoryCell.h; sourceTree = "<group>"; };
		B4F53DA91F3C366F002C7F4F /* XYNewsHistoryCell.m */ = {isa = PBXFileReference; fileEncoding = 4; lastKnownFileType = sourcecode.c.objc; path = XYNewsHistoryCell.m; sourceTree = "<group>"; };
		B4F53DAA1F3C366F002C7F4F /* XYNewsHistoryCell.xib */ = {isa = PBXFileReference; fileEncoding = 4; lastKnownFileType = file.xib; path = XYNewsHistoryCell.xib; sourceTree = "<group>"; };
		B4F53DAD1F3C37C7002C7F4F /* 钟图标@2x.png */ = {isa = PBXFileReference; lastKnownFileType = image.png; path = "钟图标@2x.png"; sourceTree = "<group>"; };
		B4F53DAF1F3C4F29002C7F4F /* XYProfileHeaderView.h */ = {isa = PBXFileReference; fileEncoding = 4; lastKnownFileType = sourcecode.c.h; path = XYProfileHeaderView.h; sourceTree = "<group>"; };
		B4F53DB01F3C4F29002C7F4F /* XYProfileHeaderView.m */ = {isa = PBXFileReference; fileEncoding = 4; lastKnownFileType = sourcecode.c.objc; path = XYProfileHeaderView.m; sourceTree = "<group>"; };
		B4F53DB21F3C4F33002C7F4F /* XYProfileHeaderView.xib */ = {isa = PBXFileReference; fileEncoding = 4; lastKnownFileType = file.xib; path = XYProfileHeaderView.xib; sourceTree = "<group>"; };
		B4FC97A41F331C2E00E83E03 /* issuenum.plist */ = {isa = PBXFileReference; fileEncoding = 4; lastKnownFileType = text.plist.xml; path = issuenum.plist; sourceTree = "<group>"; };
		B4FC97A61F331D6800E83E03 /* XYIssueModel.h */ = {isa = PBXFileReference; fileEncoding = 4; lastKnownFileType = sourcecode.c.h; path = XYIssueModel.h; sourceTree = "<group>"; };
		B4FC97A71F331D6800E83E03 /* XYIssueModel.m */ = {isa = PBXFileReference; fileEncoding = 4; lastKnownFileType = sourcecode.c.objc; path = XYIssueModel.m; sourceTree = "<group>"; };
		DCD3876869CB53F7AF22A151 /* libPods-XYLottery.a */ = {isa = PBXFileReference; explicitFileType = archive.ar; includeInIndex = 0; path = "libPods-XYLottery.a"; sourceTree = BUILT_PRODUCTS_DIR; };
/* End PBXFileReference section */

/* Begin PBXFrameworksBuildPhase section */
		B48ED3CE1F2ADFC700F26BC3 /* Frameworks */ = {
			isa = PBXFrameworksBuildPhase;
			buildActionMask = 2147483647;
			files = (
				B48ED4411F2B089A00F26BC3 /* libresolv.tbd in Frameworks */,
				B48ED43F1F2B088D00F26BC3 /* UserNotifications.framework in Frameworks */,
				B48ED43D1F2B088300F26BC3 /* AdSupport.framework in Frameworks */,
				B48ED43B1F2B087600F26BC3 /* libz.tbd in Frameworks */,
				B48ED4391F2B086200F26BC3 /* Security.framework in Frameworks */,
				B48ED4371F2B085A00F26BC3 /* UIKit.framework in Frameworks */,
				B48ED4351F2B085500F26BC3 /* Foundation.framework in Frameworks */,
				B48ED4331F2B084C00F26BC3 /* CoreGraphics.framework in Frameworks */,
				B48ED4311F2B084100F26BC3 /* SystemConfiguration.framework in Frameworks */,
				B48ED42F1F2B083B00F26BC3 /* CoreTelephony.framework in Frameworks */,
				B48ED42D1F2B082600F26BC3 /* CoreFoundation.framework in Frameworks */,
				B48ED42B1F2B081700F26BC3 /* CFNetwork.framework in Frameworks */,
				B48ED4281F2AEF7300F26BC3 /* jpush-ios-3.0.6.a in Frameworks */,
				B48ED4271F2AEF7300F26BC3 /* jcore-ios-1.1.5.a in Frameworks */,
				992A164621273D294380FAB1 /* libPods-XYLottery.a in Frameworks */,
			);
			runOnlyForDeploymentPostprocessing = 0;
		};
		B48ED3E71F2ADFC700F26BC3 /* Frameworks */ = {
			isa = PBXFrameworksBuildPhase;
			buildActionMask = 2147483647;
			files = (
			);
			runOnlyForDeploymentPostprocessing = 0;
		};
		B48ED3F21F2ADFC700F26BC3 /* Frameworks */ = {
			isa = PBXFrameworksBuildPhase;
			buildActionMask = 2147483647;
			files = (
			);
			runOnlyForDeploymentPostprocessing = 0;
		};
/* End PBXFrameworksBuildPhase section */

/* Begin PBXGroup section */
		B4207ECF1F30260300829C69 /* Images */ = {
			isa = PBXGroup;
			children = (
				B4F53DAD1F3C37C7002C7F4F /* 钟图标@2x.png */,
				B4B071BD1F337753006DD2A2 /* icon_see@2x.png */,
				B49497B01F32CD4F00EF3252 /* expand_up@2x.png */,
				B49497AE1F32CC3000EF3252 /* expand_down@2x.png */,
				B4207F291F30731900829C69 /* navBar */,
				B4207ED01F30260300829C69 /* TabBar */,
			);
			path = Images;
			sourceTree = "<group>";
		};
		B4207ED01F30260300829C69 /* TabBar */ = {
			isa = PBXGroup;
			children = (
				B4207ED11F30260300829C69 /* tabbar_curSurvey.png */,
				B4207ED21F30260300829C69 /* tabbar_curSurvey@2x.png */,
				B4207ED31F30260300829C69 /* tabbar_curSurvey@3x.png */,
				B4207ED41F30260300829C69 /* tabbar_curSurvey_sel.png */,
				B4207ED51F30260300829C69 /* tabbar_curSurvey_sel@2x.png */,
				B4207ED61F30260300829C69 /* tabbar_curSurvey_sel@3x.png */,
				B4207ED71F30260300829C69 /* tabbar_lucky.png */,
				B4207ED81F30260300829C69 /* tabbar_lucky@2x.png */,
				B4207ED91F30260300829C69 /* tabbar_lucky@3x.png */,
				B4207EDA1F30260300829C69 /* tabbar_lucky_sel.png */,
				B4207EDB1F30260300829C69 /* tabbar_lucky_sel@2x.png */,
				B4207EDC1F30260300829C69 /* tabbar_lucky_sel@3x.png */,
				B4207EDD1F30260300829C69 /* tabbar_news.png */,
				B4207EDE1F30260300829C69 /* tabbar_news@2x.png */,
				B4207EDF1F30260300829C69 /* tabbar_news@3x.png */,
				B4207EE01F30260300829C69 /* tabbar_news_sel.png */,
				B4207EE11F30260300829C69 /* tabbar_news_sel@2x.png */,
				B4207EE21F30260300829C69 /* tabbar_news_sel@3x.png */,
				B4207EE31F30260300829C69 /* tabbar_preSurvey.png */,
				B4207EE41F30260300829C69 /* tabbar_preSurvey@2x.png */,
				B4207EE51F30260300829C69 /* tabbar_preSurvey@3x.png */,
				B4207EE61F30260300829C69 /* tabbar_preSurvey_sel.png */,
				B4207EE71F30260300829C69 /* tabbar_preSurvey_sel@2x.png */,
				B4207EE81F30260300829C69 /* tabbar_preSurvey_sel@3x.png */,
				B4207EE91F30260300829C69 /* tabbar_profile.png */,
				B4207EEA1F30260300829C69 /* tabbar_profile@2x.png */,
				B4207EEB1F30260300829C69 /* tabbar_profile@3x.png */,
				B4207EEC1F30260300829C69 /* tabbar_profile_sel.png */,
				B4207EED1F30260300829C69 /* tabbar_profile_sel@2x.png */,
				B4207EEE1F30260300829C69 /* tabbar_profile_sel@3x.png */,
			);
			path = TabBar;
			sourceTree = "<group>";
		};
		B4207F171F305DBE00829C69 /* XYKit */ = {
			isa = PBXGroup;
			children = (
				B4207F1C1F3060E700829C69 /* XYKit.h */,
				B4207F221F3067E100829C69 /* Base */,
				B4207F4A1F31D38F00829C69 /* XYTools */,
			);
			path = XYKit;
			sourceTree = "<group>";
		};
		B4207F221F3067E100829C69 /* Base */ = {
			isa = PBXGroup;
			children = (
				B4207F281F30681B00829C69 /* XYKitMacro.h */,
				B4207F231F3067E100829C69 /* Foundation */,
				B4207F241F3067E100829C69 /* UIKit */,
			);
			path = Base;
			sourceTree = "<group>";
		};
		B4207F231F3067E100829C69 /* Foundation */ = {
			isa = PBXGroup;
			children = (
			);
			path = Foundation;
			sourceTree = "<group>";
		};
		B4207F241F3067E100829C69 /* UIKit */ = {
			isa = PBXGroup;
			children = (
				B4207F251F3067E100829C69 /* UIImage+XY.h */,
				B4207F261F3067E100829C69 /* UIImage+XY.m */,
			);
			path = UIKit;
			sourceTree = "<group>";
		};
		B4207F291F30731900829C69 /* navBar */ = {
			isa = PBXGroup;
			children = (
				B4207F481F31C84500829C69 /* kj_issue.png */,
				B4207F341F30817D00829C69 /* titleBtnBg.png */,
				B4207F2E1F307EF200829C69 /* grrow_down.png */,
				B4207F2F1F307EF200829C69 /* grrow_down@2x.png */,
				B4207F301F307EF200829C69 /* grrow_down@3x.png */,
				B4207F2A1F30731900829C69 /* navigationbar_arrow_down.png */,
				B4207F2B1F30731900829C69 /* navigationbar_arrow_up.png */,
			);
			path = navBar;
			sourceTree = "<group>";
		};
		B4207F361F3162DE00829C69 /* UIPopover */ = {
			isa = PBXGroup;
			children = (
				B4207F371F31630700829C69 /* XYPopoverViewController.h */,
				B4207F381F31630700829C69 /* XYPopoverViewController.m */,
				B4207F3A1F31638900829C69 /* XYPopoverAnimator.h */,
				B4207F3B1F31638900829C69 /* XYPopoverAnimator.m */,
				B4207F3D1F316AF900829C69 /* XYPresentationController.h */,
				B4207F3E1F316AF900829C69 /* XYPresentationController.m */,
			);
			path = UIPopover;
			sourceTree = "<group>";
		};
		B4207F4A1F31D38F00829C69 /* XYTools */ = {
			isa = PBXGroup;
			children = (
				B4207F4B1F31D38F00829C69 /* HttpTool */,
				B49497BA1F32FC1D00EF3252 /* XYTools.h */,
				B49497BB1F32FC1D00EF3252 /* XYTools.m */,
			);
			path = XYTools;
			sourceTree = "<group>";
		};
		B4207F4B1F31D38F00829C69 /* HttpTool */ = {
			isa = PBXGroup;
			children = (
				B4207F4C1F31D38F00829C69 /* XYHttpTool.h */,
				B4207F4D1F31D38F00829C69 /* XYHttpTool.m */,
				B4207F4E1F31D38F00829C69 /* XYRequestParam.h */,
				B4207F4F1F31D38F00829C69 /* XYRequestParam.m */,
			);
			path = HttpTool;
			sourceTree = "<group>";
		};
		B4207F521F31D3A100829C69 /* MJExtension */ = {
			isa = PBXGroup;
			children = (
				B4207F531F31D3A100829C69 /* MJArgument.h */,
				B4207F541F31D3A100829C69 /* MJArgument.m */,
				B4207F551F31D3A100829C69 /* MJExtension.h */,
				B4207F561F31D3A100829C69 /* MJIvar.h */,
				B4207F571F31D3A100829C69 /* MJIvar.m */,
				B4207F581F31D3A100829C69 /* MJMember.h */,
				B4207F591F31D3A100829C69 /* MJMember.m */,
				B4207F5A1F31D3A100829C69 /* MJMethod.h */,
				B4207F5B1F31D3A100829C69 /* MJMethod.m */,
				B4207F5C1F31D3A100829C69 /* MJType.h */,
				B4207F5D1F31D3A100829C69 /* MJType.m */,
				B4207F5E1F31D3A100829C69 /* MJTypeEncoding.h */,
				B4207F5F1F31D3A100829C69 /* MJTypeEncoding.m */,
				B4207F601F31D3A100829C69 /* NSObject+MJCoding.h */,
				B4207F611F31D3A100829C69 /* NSObject+MJCoding.m */,
				B4207F621F31D3A100829C69 /* NSObject+MJKeyValue.h */,
				B4207F631F31D3A100829C69 /* NSObject+MJKeyValue.m */,
				B4207F641F31D3A100829C69 /* NSObject+MJMember.h */,
				B4207F651F31D3A100829C69 /* NSObject+MJMember.m */,
			);
			path = MJExtension;
			sourceTree = "<group>";
		};
		B47319DD1F3014FA00E0C688 /* CurSurvey */ = {
			isa = PBXGroup;
			children = (
				B47319DE1F3014FA00E0C688 /* Controller */,
				B47319DF1F3014FA00E0C688 /* Model */,
				B47319E01F3014FA00E0C688 /* View */,
			);
			path = CurSurvey;
			sourceTree = "<group>";
		};
		B47319DE1F3014FA00E0C688 /* Controller */ = {
			isa = PBXGroup;
			children = (
				B4731A011F3015F000E0C688 /* CurSurveyController.h */,
				B4731A021F3015F000E0C688 /* CurSurveyController.m */,
			);
			path = Controller;
			sourceTree = "<group>";
		};
		B47319DF1F3014FA00E0C688 /* Model */ = {
			isa = PBXGroup;
			children = (
			);
			path = Model;
			sourceTree = "<group>";
		};
		B47319E01F3014FA00E0C688 /* View */ = {
			isa = PBXGroup;
			children = (
				B4E06CDC1F37F8E000B73542 /* XYCurSurveyTopView.h */,
				B4E06CDD1F37F8E000B73542 /* XYCurSurveyTopView.m */,
				B4E06CE11F3877C900B73542 /* XYCurSurveyTopView.xib */,
				B4D5DB2A1F3A110900F401E7 /* XYCurSurveyCell.h */,
				B4D5DB2B1F3A110900F401E7 /* XYCurSurveyCell.m */,
				B4D5DB2C1F3A110900F401E7 /* XYCurSurveyCell.xib */,
			);
			path = View;
			sourceTree = "<group>";
		};
		B47319E11F3014FA00E0C688 /* Lucky */ = {
			isa = PBXGroup;
			children = (
				B47319E21F3014FA00E0C688 /* Controller */,
				B47319E31F3014FA00E0C688 /* Model */,
				B47319E41F3014FA00E0C688 /* View */,
			);
			path = Lucky;
			sourceTree = "<group>";
		};
		B47319E21F3014FA00E0C688 /* Controller */ = {
			isa = PBXGroup;
			children = (
				B4731A071F30161900E0C688 /* LuckYViewController.h */,
				B4731A081F30161900E0C688 /* LuckYViewController.m */,
			);
			path = Controller;
			sourceTree = "<group>";
		};
		B47319E31F3014FA00E0C688 /* Model */ = {
			isa = PBXGroup;
			children = (
			);
			path = Model;
			sourceTree = "<group>";
		};
		B47319E41F3014FA00E0C688 /* View */ = {
			isa = PBXGroup;
			children = (
			);
			path = View;
			sourceTree = "<group>";
		};
		B47319ED1F3014FA00E0C688 /* News */ = {
			isa = PBXGroup;
			children = (
				B47319EE1F3014FA00E0C688 /* Controller */,
				B47319EF1F3014FA00E0C688 /* Model */,
				B47319F01F3014FA00E0C688 /* View */,
			);
			path = News;
			sourceTree = "<group>";
		};
		B47319EE1F3014FA00E0C688 /* Controller */ = {
			isa = PBXGroup;
			children = (
				B4731A041F30160000E0C688 /* NewsViewController.h */,
				B4731A051F30160000E0C688 /* NewsViewController.m */,
			);
			path = Controller;
			sourceTree = "<group>";
		};
		B47319EF1F3014FA00E0C688 /* Model */ = {
			isa = PBXGroup;
			children = (
			);
			path = Model;
			sourceTree = "<group>";
		};
		B47319F01F3014FA00E0C688 /* View */ = {
			isa = PBXGroup;
			children = (
				B405D4401F3B005E005E2482 /* XYScrollHeaderView.h */,
				B405D4411F3B005E005E2482 /* XYScrollHeaderView.m */,
				B4F53DA31F3C054F002C7F4F /* XYNewsZuheFirstCell.h */,
				B4F53DA41F3C054F002C7F4F /* XYNewsZuheFirstCell.m */,
				B4F53DA51F3C054F002C7F4F /* XYNewsZuheFirstCell.xib */,
				B4F53DA81F3C366F002C7F4F /* XYNewsHistoryCell.h */,
				B4F53DA91F3C366F002C7F4F /* XYNewsHistoryCell.m */,
				B4F53DAA1F3C366F002C7F4F /* XYNewsHistoryCell.xib */,
			);
			path = View;
			sourceTree = "<group>";
		};
		B47319F11F3014FA00E0C688 /* PreSurvey */ = {
			isa = PBXGroup;
			children = (
				B47319F21F3014FA00E0C688 /* Controller */,
				B47319F31F3014FA00E0C688 /* Model */,
				B47319F41F3014FA00E0C688 /* View */,
			);
			path = PreSurvey;
			sourceTree = "<group>";
		};
		B47319F21F3014FA00E0C688 /* Controller */ = {
			isa = PBXGroup;
			children = (
				B47319FB1F3015C200E0C688 /* PreSurveyController.h */,
				B47319FC1F3015C200E0C688 /* PreSurveyController.m */,
			);
			path = Controller;
			sourceTree = "<group>";
		};
		B47319F31F3014FA00E0C688 /* Model */ = {
			isa = PBXGroup;
			children = (
				B4207F451F31BC2B00829C69 /* XYPreSurveyModel.h */,
				B4207F461F31BC2B00829C69 /* XYPreSurveyModel.m */,
			);
			path = Model;
			sourceTree = "<group>";
		};
		B47319F41F3014FA00E0C688 /* View */ = {
			isa = PBXGroup;
			children = (
				B4207F401F31B74B00829C69 /* XYPreSurveyTopView.h */,
				B4207F411F31B74B00829C69 /* XYPreSurveyTopView.m */,
				B4207F431F31B7AC00829C69 /* XYPreSurveyTopView.xib */,
				B4B071B61F336512006DD2A2 /* XYPreSurveyCell.h */,
				B4B071B71F336512006DD2A2 /* XYPreSurveyCell.m */,
				B4B071B81F336512006DD2A2 /* XYPreSurveyCell.xib */,
			);
			path = View;
			sourceTree = "<group>";
		};
		B47319F51F3014FA00E0C688 /* Profile */ = {
			isa = PBXGroup;
			children = (
				B47319F61F3014FA00E0C688 /* Controller */,
				B47319F71F3014FA00E0C688 /* Model */,
				B47319F81F3014FA00E0C688 /* View */,
			);
			path = Profile;
			sourceTree = "<group>";
		};
		B47319F61F3014FA00E0C688 /* Controller */ = {
			isa = PBXGroup;
			children = (
				B4731A0A1F30162700E0C688 /* ProfileViewController.h */,
				B4731A0B1F30162700E0C688 /* ProfileViewController.m */,
			);
			path = Controller;
			sourceTree = "<group>";
		};
		B47319F71F3014FA00E0C688 /* Model */ = {
			isa = PBXGroup;
			children = (
			);
			path = Model;
			sourceTree = "<group>";
		};
		B47319F81F3014FA00E0C688 /* View */ = {
			isa = PBXGroup;
			children = (
				B4F53DAF1F3C4F29002C7F4F /* XYProfileHeaderView.h */,
				B4F53DB01F3C4F29002C7F4F /* XYProfileHeaderView.m */,
				B4F53DB21F3C4F33002C7F4F /* XYProfileHeaderView.xib */,
			);
			path = View;
			sourceTree = "<group>";
		};
		B48ED3C81F2ADFC700F26BC3 = {
			isa = PBXGroup;
			children = (
				B48ED3D31F2ADFC700F26BC3 /* XYLottery */,
				B48ED3ED1F2ADFC700F26BC3 /* XYLotteryTests */,
				B48ED3F81F2ADFC700F26BC3 /* XYLotteryUITests */,
				B48ED3D21F2ADFC700F26BC3 /* Products */,
				B48ED4291F2B081700F26BC3 /* Frameworks */,
				CC6C88311AA0EE68D03436B3 /* Pods */,
			);
			sourceTree = "<group>";
		};
		B48ED3D21F2ADFC700F26BC3 /* Products */ = {
			isa = PBXGroup;
			children = (
				B48ED3D11F2ADFC700F26BC3 /* XYLottery.app */,
				B48ED3EA1F2ADFC700F26BC3 /* XYLotteryTests.xctest */,
				B48ED3F51F2ADFC700F26BC3 /* XYLotteryUITests.xctest */,
			);
			name = Products;
			sourceTree = "<group>";
		};
		B48ED3D31F2ADFC700F26BC3 /* XYLottery */ = {
			isa = PBXGroup;
			children = (
				B4207ECF1F30260300829C69 /* Images */,
				B48ED41E1F2AE92B00F26BC3 /* XYLottery.entitlements */,
				B48ED4111F2AE1D800F26BC3 /* Classes */,
				B48ED4121F2AE1D800F26BC3 /* Other */,
				B48ED3E01F2ADFC700F26BC3 /* Assets.xcassets */,
				B48ED3D41F2ADFC700F26BC3 /* Supporting Files */,
			);
			path = XYLottery;
			sourceTree = "<group>";
		};
		B48ED3D41F2ADFC700F26BC3 /* Supporting Files */ = {
			isa = PBXGroup;
			children = (
				B48ED3DD1F2ADFC700F26BC3 /* Main.storyboard */,
				B48ED3E21F2ADFC700F26BC3 /* LaunchScreen.storyboard */,
				B48ED3E51F2ADFC700F26BC3 /* Info.plist */,
				B49497B21F32D56900EF3252 /* lotteryData.plist */,
				B4FC97A41F331C2E00E83E03 /* issuenum.plist */,
				B48ED4131F2AE1D800F26BC3 /* AppDelegate.h */,
				B48ED4141F2AE1D800F26BC3 /* AppDelegate.m */,
				B48ED3D51F2ADFC700F26BC3 /* main.m */,
				B4207F101F302E3B00829C69 /* XYLottery.pch */,
			);
			name = "Supporting Files";
			sourceTree = "<group>";
		};
		B48ED3ED1F2ADFC700F26BC3 /* XYLotteryTests */ = {
			isa = PBXGroup;
			children = (
				B48ED3EE1F2ADFC700F26BC3 /* XYLotteryTests.m */,
				B48ED3F01F2ADFC700F26BC3 /* Info.plist */,
			);
			path = XYLotteryTests;
			sourceTree = "<group>";
		};
		B48ED3F81F2ADFC700F26BC3 /* XYLotteryUITests */ = {
			isa = PBXGroup;
			children = (
				B48ED3F91F2ADFC700F26BC3 /* XYLotteryUITests.m */,
				B48ED3FB1F2ADFC700F26BC3 /* Info.plist */,
			);
			path = XYLotteryUITests;
			sourceTree = "<group>";
		};
		B48ED4111F2AE1D800F26BC3 /* Classes */ = {
			isa = PBXGroup;
			children = (
				B48ED4421F2B3B9000F26BC3 /* Mian */,
				B47319F11F3014FA00E0C688 /* PreSurvey */,
				B47319DD1F3014FA00E0C688 /* CurSurvey */,
				B47319ED1F3014FA00E0C688 /* News */,
				B47319E11F3014FA00E0C688 /* Lucky */,
				B47319F51F3014FA00E0C688 /* Profile */,
				B48ED4151F2AE1D800F26BC3 /* ViewController.h */,
				B48ED4161F2AE1D800F26BC3 /* ViewController.m */,
			);
			path = Classes;
			sourceTree = "<group>";
		};
		B48ED4121F2AE1D800F26BC3 /* Other */ = {
			isa = PBXGroup;
			children = (
				B4207F171F305DBE00829C69 /* XYKit */,
				B48ED4191F2AE26600F26BC3 /* ThirdLib */,
			);
			path = Other;
			sourceTree = "<group>";
		};
		B48ED4191F2AE26600F26BC3 /* ThirdLib */ = {
			isa = PBXGroup;
			children = (
				B4207F521F31D3A100829C69 /* MJExtension */,
				B48ED4231F2AEF7300F26BC3 /* JPush */,
			);
			path = ThirdLib;
			sourceTree = "<group>";
		};
		B48ED4231F2AEF7300F26BC3 /* JPush */ = {
			isa = PBXGroup;
			children = (
				B48ED4241F2AEF7300F26BC3 /* jcore-ios-1.1.5.a */,
				B48ED4251F2AEF7300F26BC3 /* jpush-ios-3.0.6.a */,
				B48ED4261F2AEF7300F26BC3 /* JPUSHService.h */,
			);
			path = JPush;
			sourceTree = "<group>";
		};
		B48ED4291F2B081700F26BC3 /* Frameworks */ = {
			isa = PBXGroup;
			children = (
				B48ED4401F2B089A00F26BC3 /* libresolv.tbd */,
				B48ED43E1F2B088D00F26BC3 /* UserNotifications.framework */,
				B48ED43C1F2B088300F26BC3 /* AdSupport.framework */,
				B48ED43A1F2B087600F26BC3 /* libz.tbd */,
				B48ED4381F2B086200F26BC3 /* Security.framework */,
				B48ED4361F2B085A00F26BC3 /* UIKit.framework */,
				B48ED4341F2B085500F26BC3 /* Foundation.framework */,
				B48ED4321F2B084C00F26BC3 /* CoreGraphics.framework */,
				B48ED4301F2B084100F26BC3 /* SystemConfiguration.framework */,
				B48ED42E1F2B083B00F26BC3 /* CoreTelephony.framework */,
				B48ED42C1F2B082600F26BC3 /* CoreFoundation.framework */,
				B48ED42A1F2B081700F26BC3 /* CFNetwork.framework */,
				DCD3876869CB53F7AF22A151 /* libPods-XYLottery.a */,
			);
			name = Frameworks;
			sourceTree = "<group>";
		};
		B48ED4421F2B3B9000F26BC3 /* Mian */ = {
			isa = PBXGroup;
			children = (
				B4207F361F3162DE00829C69 /* UIPopover */,
				B48ED4431F2B3B9000F26BC3 /* Controller */,
				B48ED4441F2B3B9000F26BC3 /* Model */,
				B48ED4451F2B3B9000F26BC3 /* View */,
			);
			path = Mian;
			sourceTree = "<group>";
		};
		B48ED4431F2B3B9000F26BC3 /* Controller */ = {
			isa = PBXGroup;
			children = (
				B47319D71F2F2ABA00E0C688 /* MainNavController.h */,
				B47319D81F2F2ABA00E0C688 /* MainNavController.m */,
				B47319DA1F2F2AFF00E0C688 /* MainTabController.h */,
				B47319DB1F2F2AFF00E0C688 /* MainTabController.m */,
				B4207F111F30300500829C69 /* BaseViewController.h */,
				B4207F121F30300500829C69 /* BaseViewController.m */,
			);
			path = Controller;
			sourceTree = "<group>";
		};
		B48ED4441F2B3B9000F26BC3 /* Model */ = {
			isa = PBXGroup;
			children = (
				B4CB4D8E1F320F0200640D43 /* XYSurveyModel.h */,
				B4CB4D8F1F320F0200640D43 /* XYSurveyModel.m */,
				B4CB4D911F3213BF00640D43 /* XYSurveyListModel.h */,
				B4CB4D921F3213BF00640D43 /* XYSurveyListModel.m */,
				B49497B41F32F2D900EF3252 /* XYLotteryData.h */,
				B49497B51F32F2D900EF3252 /* XYLotteryData.m */,
				B49497B71F32F34A00EF3252 /* XYLottery.h */,
				B49497B81F32F34A00EF3252 /* XYLottery.m */,
				B4FC97A61F331D6800E83E03 /* XYIssueModel.h */,
				B4FC97A71F331D6800E83E03 /* XYIssueModel.m */,
			);
			path = Model;
			sourceTree = "<group>";
		};
		B48ED4451F2B3B9000F26BC3 /* View */ = {
			isa = PBXGroup;
			children = (
				B4207F141F304E6000829C69 /* XYTitleButton.h */,
				B4207F151F304E6000829C69 /* XYTitleButton.m */,
			);
			path = View;
			sourceTree = "<group>";
		};
		CC6C88311AA0EE68D03436B3 /* Pods */ = {
			isa = PBXGroup;
			children = (
				8373A13594BD1E3B900EDE3C /* Pods-XYLottery.debug.xcconfig */,
				B3A3DE33AC756E45BAA21AEB /* Pods-XYLottery.release.xcconfig */,
			);
			name = Pods;
			sourceTree = "<group>";
		};
/* End PBXGroup section */

/* Begin PBXNativeTarget section */
		B48ED3D01F2ADFC700F26BC3 /* XYLottery */ = {
			isa = PBXNativeTarget;
			buildConfigurationList = B48ED3FE1F2ADFC700F26BC3 /* Build configuration list for PBXNativeTarget "XYLottery" */;
			buildPhases = (
				659A4A892594FD085854CB90 /* [CP] Check Pods Manifest.lock */,
				B48ED3CD1F2ADFC700F26BC3 /* Sources */,
				B48ED3CE1F2ADFC700F26BC3 /* Frameworks */,
				B48ED3CF1F2ADFC700F26BC3 /* Resources */,
				ECB2B9215F7CAF3A266EF38C /* [CP] Embed Pods Frameworks */,
				277018C6BFC50222BDC7C504 /* [CP] Copy Pods Resources */,
			);
			buildRules = (
			);
			dependencies = (
			);
			name = XYLottery;
			productName = XYLottery;
			productReference = B48ED3D11F2ADFC700F26BC3 /* XYLottery.app */;
			productType = "com.apple.product-type.application";
		};
		B48ED3E91F2ADFC700F26BC3 /* XYLotteryTests */ = {
			isa = PBXNativeTarget;
			buildConfigurationList = B48ED4011F2ADFC700F26BC3 /* Build configuration list for PBXNativeTarget "XYLotteryTests" */;
			buildPhases = (
				B48ED3E61F2ADFC700F26BC3 /* Sources */,
				B48ED3E71F2ADFC700F26BC3 /* Frameworks */,
				B48ED3E81F2ADFC700F26BC3 /* Resources */,
			);
			buildRules = (
			);
			dependencies = (
				B48ED3EC1F2ADFC700F26BC3 /* PBXTargetDependency */,
			);
			name = XYLotteryTests;
			productName = XYLotteryTests;
			productReference = B48ED3EA1F2ADFC700F26BC3 /* XYLotteryTests.xctest */;
			productType = "com.apple.product-type.bundle.unit-test";
		};
		B48ED3F41F2ADFC700F26BC3 /* XYLotteryUITests */ = {
			isa = PBXNativeTarget;
			buildConfigurationList = B48ED4041F2ADFC700F26BC3 /* Build configuration list for PBXNativeTarget "XYLotteryUITests" */;
			buildPhases = (
				B48ED3F11F2ADFC700F26BC3 /* Sources */,
				B48ED3F21F2ADFC700F26BC3 /* Frameworks */,
				B48ED3F31F2ADFC700F26BC3 /* Resources */,
			);
			buildRules = (
			);
			dependencies = (
				B48ED3F71F2ADFC700F26BC3 /* PBXTargetDependency */,
			);
			name = XYLotteryUITests;
			productName = XYLotteryUITests;
			productReference = B48ED3F51F2ADFC700F26BC3 /* XYLotteryUITests.xctest */;
			productType = "com.apple.product-type.bundle.ui-testing";
		};
/* End PBXNativeTarget section */

/* Begin PBXProject section */
		B48ED3C91F2ADFC700F26BC3 /* Project object */ = {
			isa = PBXProject;
			attributes = {
				CLASSPREFIX = XY;
				LastUpgradeCheck = 0830;
				ORGANIZATIONNAME = "渠晓友";
				TargetAttributes = {
					B48ED3D01F2ADFC700F26BC3 = {
						CreatedOnToolsVersion = 8.3.3;
						DevelopmentTeam = SLUU2646N5;
						ProvisioningStyle = Manual;
						SystemCapabilities = {
							com.apple.BackgroundModes = {
								enabled = 1;
							};
							com.apple.Push = {
								enabled = 1;
							};
						};
					};
					B48ED3E91F2ADFC700F26BC3 = {
						CreatedOnToolsVersion = 8.3.3;
						DevelopmentTeam = SLUU2646N5;
						ProvisioningStyle = Automatic;
						TestTargetID = B48ED3D01F2ADFC700F26BC3;
					};
					B48ED3F41F2ADFC700F26BC3 = {
						CreatedOnToolsVersion = 8.3.3;
						DevelopmentTeam = SLUU2646N5;
						ProvisioningStyle = Automatic;
						TestTargetID = B48ED3D01F2ADFC700F26BC3;
					};
				};
			};
			buildConfigurationList = B48ED3CC1F2ADFC700F26BC3 /* Build configuration list for PBXProject "XYLottery" */;
			compatibilityVersion = "Xcode 3.2";
			developmentRegion = English;
			hasScannedForEncodings = 0;
			knownRegions = (
				en,
				Base,
			);
			mainGroup = B48ED3C81F2ADFC700F26BC3;
			productRefGroup = B48ED3D21F2ADFC700F26BC3 /* Products */;
			projectDirPath = "";
			projectRoot = "";
			targets = (
				B48ED3D01F2ADFC700F26BC3 /* XYLottery */,
				B48ED3E91F2ADFC700F26BC3 /* XYLotteryTests */,
				B48ED3F41F2ADFC700F26BC3 /* XYLotteryUITests */,
			);
		};
/* End PBXProject section */

/* Begin PBXResourcesBuildPhase section */
		B48ED3CF1F2ADFC700F26BC3 /* Resources */ = {
			isa = PBXResourcesBuildPhase;
			buildActionMask = 2147483647;
			files = (
				B4207EF11F30260300829C69 /* tabbar_curSurvey@3x.png in Resources */,
				B4207F011F30260300829C69 /* tabbar_preSurvey.png in Resources */,
				B4207EF41F30260300829C69 /* tabbar_curSurvey_sel@3x.png in Resources */,
				B4207EF81F30260300829C69 /* tabbar_lucky_sel.png in Resources */,
				B48ED3E41F2ADFC700F26BC3 /* LaunchScreen.storyboard in Resources */,
				B4207F071F30260300829C69 /* tabbar_profile.png in Resources */,
				B4207F041F30260300829C69 /* tabbar_preSurvey_sel.png in Resources */,
				B4207F091F30260300829C69 /* tabbar_profile@3x.png in Resources */,
				B48ED3E11F2ADFC700F26BC3 /* Assets.xcassets in Resources */,
				B4207F2C1F30731900829C69 /* navigationbar_arrow_down.png in Resources */,
				B4207EF51F30260300829C69 /* tabbar_lucky.png in Resources */,
				B4207EFF1F30260300829C69 /* tabbar_news_sel@2x.png in Resources */,
				B49497B31F32D56900EF3252 /* lotteryData.plist in Resources */,
				B4207EFC1F30260300829C69 /* tabbar_news@2x.png in Resources */,
				B4207EEF1F30260300829C69 /* tabbar_curSurvey.png in Resources */,
				B4207F051F30260300829C69 /* tabbar_preSurvey_sel@2x.png in Resources */,
				B4F53DB31F3C4F33002C7F4F /* XYProfileHeaderView.xib in Resources */,
				B4207EFA1F30260300829C69 /* tabbar_lucky_sel@3x.png in Resources */,
				B4207F0A1F30260300829C69 /* tabbar_profile_sel.png in Resources */,
				B4207F311F307EF200829C69 /* grrow_down.png in Resources */,
				B4207EF21F30260300829C69 /* tabbar_curSurvey_sel.png in Resources */,
				B4207F441F31B7AC00829C69 /* XYPreSurveyTopView.xib in Resources */,
				B4207F331F307EF200829C69 /* grrow_down@3x.png in Resources */,
				B4207EF91F30260300829C69 /* tabbar_lucky_sel@2x.png in Resources */,
				B4B071BE1F337753006DD2A2 /* icon_see@2x.png in Resources */,
				B4D5DB2E1F3A110900F401E7 /* XYCurSurveyCell.xib in Resources */,
				B4FC97A51F331C2E00E83E03 /* issuenum.plist in Resources */,
				B4207F031F30260300829C69 /* tabbar_preSurvey@3x.png in Resources */,
				B4207EFB1F30260300829C69 /* tabbar_news.png in Resources */,
				B4207EF61F30260300829C69 /* tabbar_lucky@2x.png in Resources */,
				B4207F0B1F30260300829C69 /* tabbar_profile_sel@2x.png in Resources */,
				B4207F321F307EF200829C69 /* grrow_down@2x.png in Resources */,
				B4E06CE21F3877C900B73542 /* XYCurSurveyTopView.xib in Resources */,
				B4207F351F30817D00829C69 /* titleBtnBg.png in Resources */,
				B4207F061F30260300829C69 /* tabbar_preSurvey_sel@3x.png in Resources */,
				B49497AF1F32CC3000EF3252 /* expand_down@2x.png in Resources */,
				B4F53DAE1F3C37C7002C7F4F /* 钟图标@2x.png in Resources */,
				B4207F491F31C84500829C69 /* kj_issue.png in Resources */,
				B4207EFE1F30260300829C69 /* tabbar_news_sel.png in Resources */,
				B4207F021F30260300829C69 /* tabbar_preSurvey@2x.png in Resources */,
				B49497B11F32CD4F00EF3252 /* expand_up@2x.png in Resources */,
				B4207EF71F30260300829C69 /* tabbar_lucky@3x.png in Resources */,
				B4F53DA71F3C054F002C7F4F /* XYNewsZuheFirstCell.xib in Resources */,
				B4207EFD1F30260300829C69 /* tabbar_news@3x.png in Resources */,
				B4207EF01F30260300829C69 /* tabbar_curSurvey@2x.png in Resources */,
				B4207EF31F30260300829C69 /* tabbar_curSurvey_sel@2x.png in Resources */,
				B4207F001F30260300829C69 /* tabbar_news_sel@3x.png in Resources */,
				B4F53DAC1F3C366F002C7F4F /* XYNewsHistoryCell.xib in Resources */,
				B4207F2D1F30731900829C69 /* navigationbar_arrow_up.png in Resources */,
				B4B071BA1F336512006DD2A2 /* XYPreSurveyCell.xib in Resources */,
				B4207F0C1F30260300829C69 /* tabbar_profile_sel@3x.png in Resources */,
				B48ED3DF1F2ADFC700F26BC3 /* Main.storyboard in Resources */,
				B4207F081F30260300829C69 /* tabbar_profile@2x.png in Resources */,
			);
			runOnlyForDeploymentPostprocessing = 0;
		};
		B48ED3E81F2ADFC700F26BC3 /* Resources */ = {
			isa = PBXResourcesBuildPhase;
			buildActionMask = 2147483647;
			files = (
			);
			runOnlyForDeploymentPostprocessing = 0;
		};
		B48ED3F31F2ADFC700F26BC3 /* Resources */ = {
			isa = PBXResourcesBuildPhase;
			buildActionMask = 2147483647;
			files = (
			);
			runOnlyForDeploymentPostprocessing = 0;
		};
/* End PBXResourcesBuildPhase section */

/* Begin PBXShellScriptBuildPhase section */
		277018C6BFC50222BDC7C504 /* [CP] Copy Pods Resources */ = {
			isa = PBXShellScriptBuildPhase;
			buildActionMask = 2147483647;
			files = (
			);
			inputPaths = (
			);
			name = "[CP] Copy Pods Resources";
			outputPaths = (
			);
			runOnlyForDeploymentPostprocessing = 0;
			shellPath = /bin/sh;
			shellScript = "\"${SRCROOT}/Pods/Target Support Files/Pods-XYLottery/Pods-XYLottery-resources.sh\"\n";
			showEnvVarsInLog = 0;
		};
		659A4A892594FD085854CB90 /* [CP] Check Pods Manifest.lock */ = {
			isa = PBXShellScriptBuildPhase;
			buildActionMask = 2147483647;
			files = (
			);
			inputPaths = (
			);
			name = "[CP] Check Pods Manifest.lock";
			outputPaths = (
			);
			runOnlyForDeploymentPostprocessing = 0;
			shellPath = /bin/sh;
			shellScript = "diff \"${PODS_PODFILE_DIR_PATH}/Podfile.lock\" \"${PODS_ROOT}/Manifest.lock\" > /dev/null\nif [ $? != 0 ] ; then\n    # print error to STDERR\n    echo \"error: The sandbox is not in sync with the Podfile.lock. Run 'pod install' or update your CocoaPods installation.\" >&2\n    exit 1\nfi\n";
			showEnvVarsInLog = 0;
		};
		ECB2B9215F7CAF3A266EF38C /* [CP] Embed Pods Frameworks */ = {
			isa = PBXShellScriptBuildPhase;
			buildActionMask = 2147483647;
			files = (
			);
			inputPaths = (
			);
			name = "[CP] Embed Pods Frameworks";
			outputPaths = (
			);
			runOnlyForDeploymentPostprocessing = 0;
			shellPath = /bin/sh;
			shellScript = "\"${SRCROOT}/Pods/Target Support Files/Pods-XYLottery/Pods-XYLottery-frameworks.sh\"\n";
			showEnvVarsInLog = 0;
		};
/* End PBXShellScriptBuildPhase section */

/* Begin PBXSourcesBuildPhase section */
		B48ED3CD1F2ADFC700F26BC3 /* Sources */ = {
			isa = PBXSourcesBuildPhase;
			buildActionMask = 2147483647;
			files = (
				B47319DC1F2F2AFF00E0C688 /* MainTabController.m in Sources */,
				B4207F6B1F31D3A100829C69 /* MJTypeEncoding.m in Sources */,
				B4F53DA61F3C054F002C7F4F /* XYNewsZuheFirstCell.m in Sources */,
				B4B071B91F336512006DD2A2 /* XYPreSurveyCell.m in Sources */,
				B4F53DB11F3C4F29002C7F4F /* XYProfileHeaderView.m in Sources */,
				B4207F6E1F31D3A100829C69 /* NSObject+MJMember.m in Sources */,
				B4207F161F304E6000829C69 /* XYTitleButton.m in Sources */,
				B4207F511F31D38F00829C69 /* XYRequestParam.m in Sources */,
				B47319D91F2F2ABA00E0C688 /* MainNavController.m in Sources */,
				B4207F661F31D3A100829C69 /* MJArgument.m in Sources */,
				B4F53DAB1F3C366F002C7F4F /* XYNewsHistoryCell.m in Sources */,
				B4207F691F31D3A100829C69 /* MJMethod.m in Sources */,
				B49497B61F32F2D900EF3252 /* XYLotteryData.m in Sources */,
				B4207F131F30300500829C69 /* BaseViewController.m in Sources */,
				B49497B91F32F34A00EF3252 /* XYLottery.m in Sources */,
				B4207F471F31BC2B00829C69 /* XYPreSurveyModel.m in Sources */,
				B4207F501F31D38F00829C69 /* XYHttpTool.m in Sources */,
				B48ED4181F2AE1D800F26BC3 /* ViewController.m in Sources */,
				B4731A061F30160000E0C688 /* NewsViewController.m in Sources */,
				B4207F3F1F316AF900829C69 /* XYPresentationController.m in Sources */,
				B4207F3C1F31638900829C69 /* XYPopoverAnimator.m in Sources */,
				B4CB4D931F3213BF00640D43 /* XYSurveyListModel.m in Sources */,
				B4207F671F31D3A100829C69 /* MJIvar.m in Sources */,
				B4207F681F31D3A100829C69 /* MJMember.m in Sources */,
				B4731A0C1F30162700E0C688 /* ProfileViewController.m in Sources */,
				B4FC97A81F331D6800E83E03 /* XYIssueModel.m in Sources */,
				B4D5DB2D1F3A110900F401E7 /* XYCurSurveyCell.m in Sources */,
				B4207F6A1F31D3A100829C69 /* MJType.m in Sources */,
				B49497BC1F32FC1D00EF3252 /* XYTools.m in Sources */,
				B47319FD1F3015C200E0C688 /* PreSurveyController.m in Sources */,
				B4CB4D901F320F0200640D43 /* XYSurveyModel.m in Sources */,
				B4E06CDE1F37F8E000B73542 /* XYCurSurveyTopView.m in Sources */,
				B48ED4171F2AE1D800F26BC3 /* AppDelegate.m in Sources */,
				B4731A091F30161900E0C688 /* LuckYViewController.m in Sources */,
				B48ED3D61F2ADFC700F26BC3 /* main.m in Sources */,
				B4207F421F31B74B00829C69 /* XYPreSurveyTopView.m in Sources */,
				B405D4421F3B005E005E2482 /* XYScrollHeaderView.m in Sources */,
				B4207F6C1F31D3A100829C69 /* NSObject+MJCoding.m in Sources */,
				B4207F6D1F31D3A100829C69 /* NSObject+MJKeyValue.m in Sources */,
				B4207F391F31630700829C69 /* XYPopoverViewController.m in Sources */,
				B4207F271F3067E100829C69 /* UIImage+XY.m in Sources */,
				B4731A031F3015F000E0C688 /* CurSurveyController.m in Sources */,
			);
			runOnlyForDeploymentPostprocessing = 0;
		};
		B48ED3E61F2ADFC700F26BC3 /* Sources */ = {
			isa = PBXSourcesBuildPhase;
			buildActionMask = 2147483647;
			files = (
				B48ED3EF1F2ADFC700F26BC3 /* XYLotteryTests.m in Sources */,
			);
			runOnlyForDeploymentPostprocessing = 0;
		};
		B48ED3F11F2ADFC700F26BC3 /* Sources */ = {
			isa = PBXSourcesBuildPhase;
			buildActionMask = 2147483647;
			files = (
				B48ED3FA1F2ADFC700F26BC3 /* XYLotteryUITests.m in Sources */,
			);
			runOnlyForDeploymentPostprocessing = 0;
		};
/* End PBXSourcesBuildPhase section */

/* Begin PBXTargetDependency section */
		B48ED3EC1F2ADFC700F26BC3 /* PBXTargetDependency */ = {
			isa = PBXTargetDependency;
			target = B48ED3D01F2ADFC700F26BC3 /* XYLottery */;
			targetProxy = B48ED3EB1F2ADFC700F26BC3 /* PBXContainerItemProxy */;
		};
		B48ED3F71F2ADFC700F26BC3 /* PBXTargetDependency */ = {
			isa = PBXTargetDependency;
			target = B48ED3D01F2ADFC700F26BC3 /* XYLottery */;
			targetProxy = B48ED3F61F2ADFC700F26BC3 /* PBXContainerItemProxy */;
		};
/* End PBXTargetDependency section */

/* Begin PBXVariantGroup section */
		B48ED3DD1F2ADFC700F26BC3 /* Main.storyboard */ = {
			isa = PBXVariantGroup;
			children = (
				B48ED3DE1F2ADFC700F26BC3 /* Base */,
			);
			name = Main.storyboard;
			sourceTree = "<group>";
		};
		B48ED3E21F2ADFC700F26BC3 /* LaunchScreen.storyboard */ = {
			isa = PBXVariantGroup;
			children = (
				B48ED3E31F2ADFC700F26BC3 /* Base */,
			);
			name = LaunchScreen.storyboard;
			sourceTree = "<group>";
		};
/* End PBXVariantGroup section */

/* Begin XCBuildConfiguration section */
		B48ED3FC1F2ADFC700F26BC3 /* Debug */ = {
			isa = XCBuildConfiguration;
			buildSettings = {
				ALWAYS_SEARCH_USER_PATHS = NO;
				CLANG_ANALYZER_NONNULL = YES;
				CLANG_ANALYZER_NUMBER_OBJECT_CONVERSION = YES_AGGRESSIVE;
				CLANG_CXX_LANGUAGE_STANDARD = "gnu++0x";
				CLANG_CXX_LIBRARY = "libc++";
				CLANG_ENABLE_MODULES = YES;
				CLANG_ENABLE_OBJC_ARC = YES;
				CLANG_WARN_BOOL_CONVERSION = YES;
				CLANG_WARN_CONSTANT_CONVERSION = YES;
				CLANG_WARN_DIRECT_OBJC_ISA_USAGE = YES_ERROR;
				CLANG_WARN_DOCUMENTATION_COMMENTS = YES;
				CLANG_WARN_EMPTY_BODY = YES;
				CLANG_WARN_ENUM_CONVERSION = YES;
				CLANG_WARN_INFINITE_RECURSION = YES;
				CLANG_WARN_INT_CONVERSION = YES;
				CLANG_WARN_OBJC_ROOT_CLASS = YES_ERROR;
				CLANG_WARN_SUSPICIOUS_MOVE = YES;
				CLANG_WARN_UNREACHABLE_CODE = YES;
				CLANG_WARN__DUPLICATE_METHOD_MATCH = YES;
				"CODE_SIGN_IDENTITY[sdk=iphoneos*]" = "iPhone Developer";
				COPY_PHASE_STRIP = NO;
				DEBUG_INFORMATION_FORMAT = dwarf;
				ENABLE_STRICT_OBJC_MSGSEND = YES;
				ENABLE_TESTABILITY = YES;
				GCC_C_LANGUAGE_STANDARD = gnu99;
				GCC_DYNAMIC_NO_PIC = NO;
				GCC_NO_COMMON_BLOCKS = YES;
				GCC_OPTIMIZATION_LEVEL = 0;
				GCC_PREPROCESSOR_DEFINITIONS = (
					"DEBUG=1",
					"$(inherited)",
				);
				GCC_WARN_64_TO_32_BIT_CONVERSION = YES;
				GCC_WARN_ABOUT_RETURN_TYPE = YES_ERROR;
				GCC_WARN_UNDECLARED_SELECTOR = YES;
				GCC_WARN_UNINITIALIZED_AUTOS = YES_AGGRESSIVE;
				GCC_WARN_UNUSED_FUNCTION = YES;
				GCC_WARN_UNUSED_VARIABLE = YES;
				IPHONEOS_DEPLOYMENT_TARGET = 10.3;
				MTL_ENABLE_DEBUG_INFO = YES;
				ONLY_ACTIVE_ARCH = YES;
				SDKROOT = iphoneos;
				TARGETED_DEVICE_FAMILY = "1,2";
			};
			name = Debug;
		};
		B48ED3FD1F2ADFC700F26BC3 /* Release */ = {
			isa = XCBuildConfiguration;
			buildSettings = {
				ALWAYS_SEARCH_USER_PATHS = NO;
				CLANG_ANALYZER_NONNULL = YES;
				CLANG_ANALYZER_NUMBER_OBJECT_CONVERSION = YES_AGGRESSIVE;
				CLANG_CXX_LANGUAGE_STANDARD = "gnu++0x";
				CLANG_CXX_LIBRARY = "libc++";
				CLANG_ENABLE_MODULES = YES;
				CLANG_ENABLE_OBJC_ARC = YES;
				CLANG_WARN_BOOL_CONVERSION = YES;
				CLANG_WARN_CONSTANT_CONVERSION = YES;
				CLANG_WARN_DIRECT_OBJC_ISA_USAGE = YES_ERROR;
				CLANG_WARN_DOCUMENTATION_COMMENTS = YES;
				CLANG_WARN_EMPTY_BODY = YES;
				CLANG_WARN_ENUM_CONVERSION = YES;
				CLANG_WARN_INFINITE_RECURSION = YES;
				CLANG_WARN_INT_CONVERSION = YES;
				CLANG_WARN_OBJC_ROOT_CLASS = YES_ERROR;
				CLANG_WARN_SUSPICIOUS_MOVE = YES;
				CLANG_WARN_UNREACHABLE_CODE = YES;
				CLANG_WARN__DUPLICATE_METHOD_MATCH = YES;
				"CODE_SIGN_IDENTITY[sdk=iphoneos*]" = "iPhone Developer";
				COPY_PHASE_STRIP = NO;
				DEBUG_INFORMATION_FORMAT = "dwarf-with-dsym";
				ENABLE_NS_ASSERTIONS = NO;
				ENABLE_STRICT_OBJC_MSGSEND = YES;
				GCC_C_LANGUAGE_STANDARD = gnu99;
				GCC_NO_COMMON_BLOCKS = YES;
				GCC_WARN_64_TO_32_BIT_CONVERSION = YES;
				GCC_WARN_ABOUT_RETURN_TYPE = YES_ERROR;
				GCC_WARN_UNDECLARED_SELECTOR = YES;
				GCC_WARN_UNINITIALIZED_AUTOS = YES_AGGRESSIVE;
				GCC_WARN_UNUSED_FUNCTION = YES;
				GCC_WARN_UNUSED_VARIABLE = YES;
				IPHONEOS_DEPLOYMENT_TARGET = 10.3;
				MTL_ENABLE_DEBUG_INFO = NO;
				SDKROOT = iphoneos;
				TARGETED_DEVICE_FAMILY = "1,2";
				VALIDATE_PRODUCT = YES;
			};
			name = Release;
		};
		B48ED3FF1F2ADFC700F26BC3 /* Debug */ = {
			isa = XCBuildConfiguration;
			baseConfigurationReference = 8373A13594BD1E3B900EDE3C /* Pods-XYLottery.debug.xcconfig */;
			buildSettings = {
				ASSETCATALOG_COMPILER_APPICON_NAME = AppIcon;
				ASSETCATALOG_COMPILER_LAUNCHIMAGE_NAME = LaunchImage;
				CODE_SIGN_ENTITLEMENTS = XYLottery/XYLottery.entitlements;
				CODE_SIGN_IDENTITY = "iPhone Developer: lili Su (4DYHKD958C)";
				DEVELOPMENT_TEAM = SLUU2646N5;
				GCC_INCREASE_PRECOMPILED_HEADER_SHARING = YES;
				GCC_PRECOMPILE_PREFIX_HEADER = YES;
				GCC_PREFIX_HEADER = "$(SRCROOT)/XYLottery/XYLottery.pch";
				INFOPLIST_FILE = XYLottery/Info.plist;
				IPHONEOS_DEPLOYMENT_TARGET = 8.0;
				LD_RUNPATH_SEARCH_PATHS = "$(inherited) @executable_path/Frameworks";
				LIBRARY_SEARCH_PATHS = (
					"$(inherited)",
					"$(PROJECT_DIR)/XYLottery/Other/ThirdLib/JPush",
				);
				PRODUCT_BUNDLE_IDENTIFIER = com.xiaoyou.caipiao;
				PRODUCT_NAME = "$(TARGET_NAME)";
				PROVISIONING_PROFILE = "d3ca838b-24cd-4777-87ea-56b5bd0c102e";
				PROVISIONING_PROFILE_SPECIFIER = caipiao_developer_profile;
				TARGETED_DEVICE_FAMILY = "1,2";
			};
			name = Debug;
		};
		B48ED4001F2ADFC700F26BC3 /* Release */ = {
			isa = XCBuildConfiguration;
			baseConfigurationReference = B3A3DE33AC756E45BAA21AEB /* Pods-XYLottery.release.xcconfig */;
			buildSettings = {
				ASSETCATALOG_COMPILER_APPICON_NAME = AppIcon;
				ASSETCATALOG_COMPILER_LAUNCHIMAGE_NAME = LaunchImage;
				CODE_SIGN_ENTITLEMENTS = XYLottery/XYLottery.entitlements;
				CODE_SIGN_IDENTITY = "iPhone Developer: lili Su (4DYHKD958C)";
				DEVELOPMENT_TEAM = SLUU2646N5;
				GCC_INCREASE_PRECOMPILED_HEADER_SHARING = YES;
				GCC_PRECOMPILE_PREFIX_HEADER = YES;
				GCC_PREFIX_HEADER = "$(SRCROOT)/XYLottery/XYLottery.pch";
				INFOPLIST_FILE = XYLottery/Info.plist;
				IPHONEOS_DEPLOYMENT_TARGET = 8.0;
				LD_RUNPATH_SEARCH_PATHS = "$(inherited) @executable_path/Frameworks";
				LIBRARY_SEARCH_PATHS = (
					"$(inherited)",
					"$(PROJECT_DIR)/XYLottery/Other/ThirdLib/JPush",
				);
				PRODUCT_BUNDLE_IDENTIFIER = com.xiaoyou.caipiao;
				PRODUCT_NAME = "$(TARGET_NAME)";
				PROVISIONING_PROFILE = "d3ca838b-24cd-4777-87ea-56b5bd0c102e";
				PROVISIONING_PROFILE_SPECIFIER = caipiao_developer_profile;
				TARGETED_DEVICE_FAMILY = "1,2";
			};
			name = Release;
		};
		B48ED4021F2ADFC700F26BC3 /* Debug */ = {
			isa = XCBuildConfiguration;
			buildSettings = {
				BUNDLE_LOADER = "$(TEST_HOST)";
				DEVELOPMENT_TEAM = SLUU2646N5;
				INFOPLIST_FILE = XYLotteryTests/Info.plist;
				LD_RUNPATH_SEARCH_PATHS = "$(inherited) @executable_path/Frameworks @loader_path/Frameworks";
				PRODUCT_BUNDLE_IDENTIFIER = xiaoyou.XYLotteryTests;
				PRODUCT_NAME = "$(TARGET_NAME)";
				TEST_HOST = "$(BUILT_PRODUCTS_DIR)/XYLottery.app/XYLottery";
			};
			name = Debug;
		};
		B48ED4031F2ADFC700F26BC3 /* Release */ = {
			isa = XCBuildConfiguration;
			buildSettings = {
				BUNDLE_LOADER = "$(TEST_HOST)";
				DEVELOPMENT_TEAM = SLUU2646N5;
				INFOPLIST_FILE = XYLotteryTests/Info.plist;
				LD_RUNPATH_SEARCH_PATHS = "$(inherited) @executable_path/Frameworks @loader_path/Frameworks";
				PRODUCT_BUNDLE_IDENTIFIER = xiaoyou.XYLotteryTests;
				PRODUCT_NAME = "$(TARGET_NAME)";
				TEST_HOST = "$(BUILT_PRODUCTS_DIR)/XYLottery.app/XYLottery";
			};
			name = Release;
		};
		B48ED4051F2ADFC700F26BC3 /* Debug */ = {
			isa = XCBuildConfiguration;
			buildSettings = {
				DEVELOPMENT_TEAM = SLUU2646N5;
				INFOPLIST_FILE = XYLotteryUITests/Info.plist;
				LD_RUNPATH_SEARCH_PATHS = "$(inherited) @executable_path/Frameworks @loader_path/Frameworks";
				PRODUCT_BUNDLE_IDENTIFIER = xiaoyou.XYLotteryUITests;
				PRODUCT_NAME = "$(TARGET_NAME)";
				TEST_TARGET_NAME = XYLottery;
			};
			name = Debug;
		};
		B48ED4061F2ADFC700F26BC3 /* Release */ = {
			isa = XCBuildConfiguration;
			buildSettings = {
				DEVELOPMENT_TEAM = SLUU2646N5;
				INFOPLIST_FILE = XYLotteryUITests/Info.plist;
				LD_RUNPATH_SEARCH_PATHS = "$(inherited) @executable_path/Frameworks @loader_path/Frameworks";
				PRODUCT_BUNDLE_IDENTIFIER = xiaoyou.XYLotteryUITests;
				PRODUCT_NAME = "$(TARGET_NAME)";
				TEST_TARGET_NAME = XYLottery;
			};
			name = Release;
		};
/* End XCBuildConfiguration section */

/* Begin XCConfigurationList section */
		B48ED3CC1F2ADFC700F26BC3 /* Build configuration list for PBXProject "XYLottery" */ = {
			isa = XCConfigurationList;
			buildConfigurations = (
				B48ED3FC1F2ADFC700F26BC3 /* Debug */,
				B48ED3FD1F2ADFC700F26BC3 /* Release */,
			);
			defaultConfigurationIsVisible = 0;
			defaultConfigurationName = Release;
		};
		B48ED3FE1F2ADFC700F26BC3 /* Build configuration list for PBXNativeTarget "XYLottery" */ = {
			isa = XCConfigurationList;
			buildConfigurations = (
				B48ED3FF1F2ADFC700F26BC3 /* Debug */,
				B48ED4001F2ADFC700F26BC3 /* Release */,
			);
			defaultConfigurationIsVisible = 0;
			defaultConfigurationName = Release;
		};
		B48ED4011F2ADFC700F26BC3 /* Build configuration list for PBXNativeTarget "XYLotteryTests" */ = {
			isa = XCConfigurationList;
			buildConfigurations = (
				B48ED4021F2ADFC700F26BC3 /* Debug */,
				B48ED4031F2ADFC700F26BC3 /* Release */,
			);
			defaultConfigurationIsVisible = 0;
			defaultConfigurationName = Release;
		};
		B48ED4041F2ADFC700F26BC3 /* Build configuration list for PBXNativeTarget "XYLotteryUITests" */ = {
			isa = XCConfigurationList;
			buildConfigurations = (
				B48ED4051F2ADFC700F26BC3 /* Debug */,
				B48ED4061F2ADFC700F26BC3 /* Release */,
			);
			defaultConfigurationIsVisible = 0;
			defaultConfigurationName = Release;
		};
/* End XCConfigurationList section */
	};
	rootObject = B48ED3C91F2ADFC700F26BC3 /* Project object */;
}
